<?xml version="1.0" encoding="utf-8"?>
<Project ToolsVersion="4.0" xmlns="http://schemas.microsoft.com/developer/msbuild/2003">
  <ItemGroup>
    <Filter Include="Source Files">
      <UniqueIdentifier>{4FC737F1-C7A5-4376-A066-2A32D752A2FF}</UniqueIdentifier>
      <Extensions>cpp;c;cc;cxx;def;odl;idl;hpj;bat;asm;asmx</Extensions>
    </Filter>
    <Filter Include="Header Files">
      <UniqueIdentifier>{93995380-89BD-4b04-88EB-625FBE52EBFB}</UniqueIdentifier>
      <Extensions>h;hh;hpp;hxx;hm;inl;inc;xsd</Extensions>
    </Filter>
    <Filter Include="Resource Files">
      <UniqueIdentifier>{67DA6AB6-F800-4c08-8B7A-83BB121AAD01}</UniqueIdentifier>
      <Extensions>rc;ico;cur;bmp;dlg;rc2;rct;bin;rgs;gif;jpg;jpeg;jpe;resx;tiff;tif;png;wav</Extensions>
    </Filter>
  </ItemGroup>
  <ItemGroup>
    <ClCompile Include="ShadedTeapot.cpp">
      <Filter>Source Files</Filter>
    </ClCompile>
    <ClCompile Include="packages\glm.0.9.7.1\build\native\include\glm\detail\glm.cpp">
      <Filter>Source Files</Filter>
    </ClCompile>
  </ItemGroup>
  <ItemGroup>
    <ClInclude Include="packages\glm.0.9.7.1\build\native\include\glm\common.hpp">
      <Filter>Header Files</Filter>
    </ClInclude>
    <ClInclude Include="packages\glm.0.9.7.1\build\native\include\glm\exponential.hpp">
      <Filter>Header Files</Filter>
    </ClInclude>
    <ClInclude Include="packages\glm.0.9.7.1\build\native\include\glm\ext.hpp">
      <Filter>Header Files</Filter>
    </ClInclude>
    <ClInclude Include="packages\glm.0.9.7.1\build\native\include\glm\fwd.hpp">
      <Filter>Header Files</Filter>
    </ClInclude>
    <ClInclude Include="packages\glm.0.9.7.1\build\native\include\glm\geometric.hpp">
      <Filter>Header Files</Filter>
    </ClInclude>
    <ClInclude Include="packages\glm.0.9.7.1\build\native\include\glm\glm.hpp">
      <Filter>Header Files</Filter>
    </ClInclude>
    <ClInclude Include="packages\glm.0.9.7.1\build\native\include\glm\integer.hpp">
      <Filter>Header Files</Filter>
    </ClInclude>
    <ClInclude Include="packages\glm.0.9.7.1\build\native\include\glm\mat2x2.hpp">
      <Filter>Header Files</Filter>
    </ClInclude>
    <ClInclude Include="packages\glm.0.9.7.1\build\native\include\glm\mat2x3.hpp">
      <Filter>Header Files</Filter>
    </ClInclude>
    <ClInclude Include="packages\glm.0.9.7.1\build\native\include\glm\mat2x4.hpp">
      <Filter>Header Files</Filter>
    </ClInclude>
    <ClInclude Include="packages\glm.0.9.7.1\build\native\include\glm\mat3x2.hpp">
      <Filter>Header Files</Filter>
    </ClInclude>
    <ClInclude Include="packages\glm.0.9.7.1\build\native\include\glm\mat3x3.hpp">
      <Filter>Header Files</Filter>
    </ClInclude>
    <ClInclude Include="packages\glm.0.9.7.1\build\native\include\glm\mat3x4.hpp">
      <Filter>Header Files</Filter>
    </ClInclude>
    <ClInclude Include="packages\glm.0.9.7.1\build\native\include\glm\mat4x2.hpp">
      <Filter>Header Files</Filter>
    </ClInclude>
    <ClInclude Include="packages\glm.0.9.7.1\build\native\include\glm\mat4x3.hpp">
      <Filter>Header Files</Filter>
    </ClInclude>
    <ClInclude Include="packages\glm.0.9.7.1\build\native\include\glm\mat4x4.hpp">
      <Filter>Header Files</Filter>
    </ClInclude>
    <ClInclude Include="packages\glm.0.9.7.1\build\native\include\glm\matrix.hpp">
      <Filter>Header Files</Filter>
    </ClInclude>
    <ClInclude Include="packages\glm.0.9.7.1\build\native\include\glm\packing.hpp">
      <Filter>Header Files</Filter>
    </ClInclude>
    <ClInclude Include="packages\glm.0.9.7.1\build\native\include\glm\trigonometric.hpp">
      <Filter>Header Files</Filter>
    </ClInclude>
    <ClInclude Include="packages\glm.0.9.7.1\build\native\include\glm\vec2.hpp">
      <Filter>Header Files</Filter>
    </ClInclude>
    <ClInclude Include="packages\glm.0.9.7.1\build\native\include\glm\vec3.hpp">
      <Filter>Header Files</Filter>
    </ClInclude>
    <ClInclude Include="packages\glm.0.9.7.1\build\native\include\glm\vec4.hpp">
      <Filter>Header Files</Filter>
    </ClInclude>
    <ClInclude Include="packages\glm.0.9.7.1\build\native\include\glm\vector_relational.hpp">
      <Filter>Header Files</Filter>
    </ClInclude>
    <ClInclude Include="packages\glm.0.9.7.1\build\native\include\glm\detail\func_common.hpp">
      <Filter>Header Files</Filter>
    </ClInclude>
    <ClInclude Include="packages\glm.0.9.7.1\build\native\include\glm\detail\func_exponential.hpp">
      <Filter>Header Files</Filter>
    </ClInclude>
    <ClInclude Include="packages\glm.0.9.7.1\build\native\include\glm\detail\func_geometric.hpp">
      <Filter>Header Files</Filter>
    </ClInclude>
    <ClInclude Include="packages\glm.0.9.7.1\build\native\include\glm\detail\func_integer.hpp">
      <Filter>Header Files</Filter>
    </ClInclude>
    <ClInclude Include="packages\glm.0.9.7.1\build\native\include\glm\detail\func_matrix.hpp">
      <Filter>Header Files</Filter>
    </ClInclude>
    <ClInclude Include="packages\glm.0.9.7.1\build\native\include\glm\detail\func_packing.hpp">
      <Filter>Header Files</Filter>
    </ClInclude>
    <ClInclude Include="packages\glm.0.9.7.1\build\native\include\glm\detail\func_trigonometric.hpp">
      <Filter>Header Files</Filter>
    </ClInclude>
    <ClInclude Include="packages\glm.0.9.7.1\build\native\include\glm\detail\func_vector_relational.hpp">
      <Filter>Header Files</Filter>
    </ClInclude>
    <ClInclude Include="packages\glm.0.9.7.1\build\native\include\glm\detail\intrinsic_common.hpp">
      <Filter>Header Files</Filter>
    </ClInclude>
    <ClInclude Include="packages\glm.0.9.7.1\build\native\include\glm\detail\intrinsic_exponential.hpp">
      <Filter>Header Files</Filter>
    </ClInclude>
    <ClInclude Include="packages\glm.0.9.7.1\build\native\include\glm\detail\intrinsic_geometric.hpp">
      <Filter>Header Files</Filter>
    </ClInclude>
    <ClInclude Include="packages\glm.0.9.7.1\build\native\include\glm\detail\intrinsic_integer.hpp">
      <Filter>Header Files</Filter>
    </ClInclude>
    <ClInclude Include="packages\glm.0.9.7.1\build\native\include\glm\detail\intrinsic_matrix.hpp">
      <Filter>Header Files</Filter>
    </ClInclude>
    <ClInclude Include="packages\glm.0.9.7.1\build\native\include\glm\detail\intrinsic_trigonometric.hpp">
      <Filter>Header Files</Filter>
    </ClInclude>
    <ClInclude Include="packages\glm.0.9.7.1\build\native\include\glm\detail\intrinsic_vector_relational.hpp">
      <Filter>Header Files</Filter>
    </ClInclude>
    <ClInclude Include="packages\glm.0.9.7.1\build\native\include\glm\detail\precision.hpp">
      <Filter>Header Files</Filter>
    </ClInclude>
    <ClInclude Include="packages\glm.0.9.7.1\build\native\include\glm\detail\setup.hpp">
      <Filter>Header Files</Filter>
    </ClInclude>
    <ClInclude Include="packages\glm.0.9.7.1\build\native\include\glm\detail\type_float.hpp">
      <Filter>Header Files</Filter>
    </ClInclude>
    <ClInclude Include="packages\glm.0.9.7.1\build\native\include\glm\detail\type_gentype.hpp">
      <Filter>Header Files</Filter>
    </ClInclude>
    <ClInclude Include="packages\glm.0.9.7.1\build\native\include\glm\detail\type_half.hpp">
      <Filter>Header Files</Filter>
    </ClInclude>
    <ClInclude Include="packages\glm.0.9.7.1\build\native\include\glm\detail\type_int.hpp">
      <Filter>Header Files</Filter>
    </ClInclude>
    <ClInclude Include="packages\glm.0.9.7.1\build\native\include\glm\detail\type_mat.hpp">
      <Filter>Header Files</Filter>
    </ClInclude>
    <ClInclude Include="packages\glm.0.9.7.1\build\native\include\glm\detail\type_mat2x2.hpp">
      <Filter>Header Files</Filter>
    </ClInclude>
    <ClInclude Include="packages\glm.0.9.7.1\build\native\include\glm\detail\type_mat2x3.hpp">
      <Filter>Header Files</Filter>
    </ClInclude>
    <ClInclude Include="packages\glm.0.9.7.1\build\native\include\glm\detail\type_mat2x4.hpp">
      <Filter>Header Files</Filter>
    </ClInclude>
    <ClInclude Include="packages\glm.0.9.7.1\build\native\include\glm\detail\type_mat3x2.hpp">
      <Filter>Header Files</Filter>
    </ClInclude>
    <ClInclude Include="packages\glm.0.9.7.1\build\native\include\glm\detail\type_mat3x3.hpp">
      <Filter>Header Files</Filter>
    </ClInclude>
    <ClInclude Include="packages\glm.0.9.7.1\build\native\include\glm\detail\type_mat3x4.hpp">
      <Filter>Header Files</Filter>
    </ClInclude>
    <ClInclude Include="packages\glm.0.9.7.1\build\native\include\glm\detail\type_mat4x2.hpp">
      <Filter>Header Files</Filter>
    </ClInclude>
    <ClInclude Include="packages\glm.0.9.7.1\build\native\include\glm\detail\type_mat4x3.hpp">
      <Filter>Header Files</Filter>
    </ClInclude>
    <ClInclude Include="packages\glm.0.9.7.1\build\native\include\glm\detail\type_mat4x4.hpp">
      <Filter>Header Files</Filter>
    </ClInclude>
    <ClInclude Include="packages\glm.0.9.7.1\build\native\include\glm\detail\type_vec.hpp">
      <Filter>Header Files</Filter>
    </ClInclude>
    <ClInclude Include="packages\glm.0.9.7.1\build\native\include\glm\detail\type_vec1.hpp">
      <Filter>Header Files</Filter>
    </ClInclude>
    <ClInclude Include="packages\glm.0.9.7.1\build\native\include\glm\detail\type_vec2.hpp">
      <Filter>Header Files</Filter>
    </ClInclude>
    <ClInclude Include="packages\glm.0.9.7.1\build\native\include\glm\detail\type_vec3.hpp">
      <Filter>Header Files</Filter>
    </ClInclude>
    <ClInclude Include="packages\glm.0.9.7.1\build\native\include\glm\detail\type_vec4.hpp">
      <Filter>Header Files</Filter>
    </ClInclude>
    <ClInclude Include="packages\glm.0.9.7.1\build\native\include\glm\detail\_features.hpp">
      <Filter>Header Files</Filter>
    </ClInclude>
    <ClInclude Include="packages\glm.0.9.7.1\build\native\include\glm\detail\_fixes.hpp">
      <Filter>Header Files</Filter>
    </ClInclude>
    <ClInclude Include="packages\glm.0.9.7.1\build\native\include\glm\detail\_noise.hpp">
      <Filter>Header Files</Filter>
    </ClInclude>
    <ClInclude Include="packages\glm.0.9.7.1\build\native\include\glm\detail\_swizzle.hpp">
      <Filter>Header Files</Filter>
    </ClInclude>
    <ClInclude Include="packages\glm.0.9.7.1\build\native\include\glm\detail\_swizzle_func.hpp">
      <Filter>Header Files</Filter>
    </ClInclude>
    <ClInclude Include="packages\glm.0.9.7.1\build\native\include\glm\detail\_vectorize.hpp">
      <Filter>Header Files</Filter>
    </ClInclude>
    <ClInclude Include="packages\glm.0.9.7.1\build\native\include\glm\gtc\bitfield.hpp">
      <Filter>Header Files</Filter>
    </ClInclude>
    <ClInclude Include="packages\glm.0.9.7.1\build\native\include\glm\gtc\color_space.hpp">
      <Filter>Header Files</Filter>
    </ClInclude>
    <ClInclude Include="packages\glm.0.9.7.1\build\native\include\glm\gtc\constants.hpp">
      <Filter>Header Files</Filter>
    </ClInclude>
    <ClInclude Include="packages\glm.0.9.7.1\build\native\include\glm\gtc\epsilon.hpp">
      <Filter>Header Files</Filter>
    </ClInclude>
    <ClInclude Include="packages\glm.0.9.7.1\build\native\include\glm\gtc\integer.hpp">
      <Filter>Header Files</Filter>
    </ClInclude>
    <ClInclude Include="packages\glm.0.9.7.1\build\native\include\glm\gtc\matrix_access.hpp">
      <Filter>Header Files</Filter>
    </ClInclude>
    <ClInclude Include="packages\glm.0.9.7.1\build\native\include\glm\gtc\matrix_integer.hpp">
      <Filter>Header Files</Filter>
    </ClInclude>
    <ClInclude Include="packages\glm.0.9.7.1\build\native\include\glm\gtc\matrix_inverse.hpp">
      <Filter>Header Files</Filter>
    </ClInclude>
    <ClInclude Include="packages\glm.0.9.7.1\build\native\include\glm\gtc\matrix_transform.hpp">
      <Filter>Header Files</Filter>
    </ClInclude>
    <ClInclude Include="packages\glm.0.9.7.1\build\native\include\glm\gtc\noise.hpp">
      <Filter>Header Files</Filter>
    </ClInclude>
    <ClInclude Include="packages\glm.0.9.7.1\build\native\include\glm\gtc\packing.hpp">
      <Filter>Header Files</Filter>
    </ClInclude>
    <ClInclude Include="packages\glm.0.9.7.1\build\native\include\glm\gtc\quaternion.hpp">
      <Filter>Header Files</Filter>
    </ClInclude>
    <ClInclude Include="packages\glm.0.9.7.1\build\native\include\glm\gtc\random.hpp">
      <Filter>Header Files</Filter>
    </ClInclude>
    <ClInclude Include="packages\glm.0.9.7.1\build\native\include\glm\gtc\reciprocal.hpp">
      <Filter>Header Files</Filter>
    </ClInclude>
    <ClInclude Include="packages\glm.0.9.7.1\build\native\include\glm\gtc\round.hpp">
      <Filter>Header Files</Filter>
    </ClInclude>
    <ClInclude Include="packages\glm.0.9.7.1\build\native\include\glm\gtc\type_precision.hpp">
      <Filter>Header Files</Filter>
    </ClInclude>
    <ClInclude Include="packages\glm.0.9.7.1\build\native\include\glm\gtc\type_ptr.hpp">
      <Filter>Header Files</Filter>
    </ClInclude>
    <ClInclude Include="packages\glm.0.9.7.1\build\native\include\glm\gtc\ulp.hpp">
      <Filter>Header Files</Filter>
    </ClInclude>
    <ClInclude Include="packages\glm.0.9.7.1\build\native\include\glm\gtc\vec1.hpp">
      <Filter>Header Files</Filter>
    </ClInclude>
    <ClInclude Include="packages\glm.0.9.7.1\build\native\include\glm\gtx\associated_min_max.hpp">
      <Filter>Header Files</Filter>
    </ClInclude>
    <ClInclude Include="packages\glm.0.9.7.1\build\native\include\glm\gtx\bit.hpp">
      <Filter>Header Files</Filter>
    </ClInclude>
    <ClInclude Include="packages\glm.0.9.7.1\build\native\include\glm\gtx\closest_point.hpp">
      <Filter>Header Files</Filter>
    </ClInclude>
    <ClInclude Include="packages\glm.0.9.7.1\build\native\include\glm\gtx\color_space.hpp">
      <Filter>Header Files</Filter>
    </ClInclude>
    <ClInclude Include="packages\glm.0.9.7.1\build\native\include\glm\gtx\color_space_YCoCg.hpp">
      <Filter>Header Files</Filter>
    </ClInclude>
    <ClInclude Include="packages\glm.0.9.7.1\build\native\include\glm\gtx\common.hpp">
      <Filter>Header Files</Filter>
    </ClInclude>
    <ClInclude Include="packages\glm.0.9.7.1\build\native\include\glm\gtx\compatibility.hpp">
      <Filter>Header Files</Filter>
    </ClInclude>
    <ClInclude Include="packages\glm.0.9.7.1\build\native\include\glm\gtx\component_wise.hpp">
      <Filter>Header Files</Filter>
    </ClInclude>
    <ClInclude Include="packages\glm.0.9.7.1\build\native\include\glm\gtx\dual_quaternion.hpp">
      <Filter>Header Files</Filter>
    </ClInclude>
    <ClInclude Include="packages\glm.0.9.7.1\build\native\include\glm\gtx\euler_angles.hpp">
      <Filter>Header Files</Filter>
    </ClInclude>
    <ClInclude Include="packages\glm.0.9.7.1\build\native\include\glm\gtx\extend.hpp">
      <Filter>Header Files</Filter>
    </ClInclude>
    <ClInclude Include="packages\glm.0.9.7.1\build\native\include\glm\gtx\extented_min_max.hpp">
      <Filter>Header Files</Filter>
    </ClInclude>
    <ClInclude Include="packages\glm.0.9.7.1\build\native\include\glm\gtx\fast_exponential.hpp">
      <Filter>Header Files</Filter>
    </ClInclude>
    <ClInclude Include="packages\glm.0.9.7.1\build\native\include\glm\gtx\fast_square_root.hpp">
      <Filter>Header Files</Filter>
    </ClInclude>
    <ClInclude Include="packages\glm.0.9.7.1\build\native\include\glm\gtx\fast_trigonometry.hpp">
      <Filter>Header Files</Filter>
    </ClInclude>
    <ClInclude Include="packages\glm.0.9.7.1\build\native\include\glm\gtx\gradient_paint.hpp">
      <Filter>Header Files</Filter>
    </ClInclude>
    <ClInclude Include="packages\glm.0.9.7.1\build\native\include\glm\gtx\handed_coordinate_space.hpp">
      <Filter>Header Files</Filter>
    </ClInclude>
    <ClInclude Include="packages\glm.0.9.7.1\build\native\include\glm\gtx\hash.hpp">
      <Filter>Header Files</Filter>
    </ClInclude>
    <ClInclude Include="packages\glm.0.9.7.1\build\native\include\glm\gtx\integer.hpp">
      <Filter>Header Files</Filter>
    </ClInclude>
    <ClInclude Include="packages\glm.0.9.7.1\build\native\include\glm\gtx\intersect.hpp">
      <Filter>Header Files</Filter>
    </ClInclude>
    <ClInclude Include="packages\glm.0.9.7.1\build\native\include\glm\gtx\io.hpp">
      <Filter>Header Files</Filter>
    </ClInclude>
    <ClInclude Include="packages\glm.0.9.7.1\build\native\include\glm\gtx\log_base.hpp">
      <Filter>Header Files</Filter>
    </ClInclude>
    <ClInclude Include="packages\glm.0.9.7.1\build\native\include\glm\gtx\matrix_cross_product.hpp">
      <Filter>Header Files</Filter>
    </ClInclude>
    <ClInclude Include="packages\glm.0.9.7.1\build\native\include\glm\gtx\matrix_decompose.hpp">
      <Filter>Header Files</Filter>
    </ClInclude>
    <ClInclude Include="packages\glm.0.9.7.1\build\native\include\glm\gtx\matrix_interpolation.hpp">
      <Filter>Header Files</Filter>
    </ClInclude>
    <ClInclude Include="packages\glm.0.9.7.1\build\native\include\glm\gtx\matrix_major_storage.hpp">
      <Filter>Header Files</Filter>
    </ClInclude>
    <ClInclude Include="packages\glm.0.9.7.1\build\native\include\glm\gtx\matrix_operation.hpp">
      <Filter>Header Files</Filter>
    </ClInclude>
    <ClInclude Include="packages\glm.0.9.7.1\build\native\include\glm\gtx\matrix_query.hpp">
      <Filter>Header Files</Filter>
    </ClInclude>
    <ClInclude Include="packages\glm.0.9.7.1\build\native\include\glm\gtx\matrix_transform_2d.hpp">
      <Filter>Header Files</Filter>
    </ClInclude>
    <ClInclude Include="packages\glm.0.9.7.1\build\native\include\glm\gtx\mixed_product.hpp">
      <Filter>Header Files</Filter>
    </ClInclude>
    <ClInclude Include="packages\glm.0.9.7.1\build\native\include\glm\gtx\norm.hpp">
      <Filter>Header Files</Filter>
    </ClInclude>
    <ClInclude Include="packages\glm.0.9.7.1\build\native\include\glm\gtx\normal.hpp">
      <Filter>Header Files</Filter>
    </ClInclude>
    <ClInclude Include="packages\glm.0.9.7.1\build\native\include\glm\gtx\normalize_dot.hpp">
      <Filter>Header Files</Filter>
    </ClInclude>
    <ClInclude Include="packages\glm.0.9.7.1\build\native\include\glm\gtx\number_precision.hpp">
      <Filter>Header Files</Filter>
    </ClInclude>
    <ClInclude Include="packages\glm.0.9.7.1\build\native\include\glm\gtx\optimum_pow.hpp">
      <Filter>Header Files</Filter>
    </ClInclude>
    <ClInclude Include="packages\glm.0.9.7.1\build\native\include\glm\gtx\orthonormalize.hpp">
      <Filter>Header Files</Filter>
    </ClInclude>
    <ClInclude Include="packages\glm.0.9.7.1\build\native\include\glm\gtx\perpendicular.hpp">
      <Filter>Header Files</Filter>
    </ClInclude>
    <ClInclude Include="packages\glm.0.9.7.1\build\native\include\glm\gtx\polar_coordinates.hpp">
      <Filter>Header Files</Filter>
    </ClInclude>
    <ClInclude Include="packages\glm.0.9.7.1\build\native\include\glm\gtx\projection.hpp">
      <Filter>Header Files</Filter>
    </ClInclude>
    <ClInclude Include="packages\glm.0.9.7.1\build\native\include\glm\gtx\quaternion.hpp">
      <Filter>Header Files</Filter>
    </ClInclude>
    <ClInclude Include="packages\glm.0.9.7.1\build\native\include\glm\gtx\range.hpp">
      <Filter>Header Files</Filter>
    </ClInclude>
    <ClInclude Include="packages\glm.0.9.7.1\build\native\include\glm\gtx\raw_data.hpp">
      <Filter>Header Files</Filter>
    </ClInclude>
    <ClInclude Include="packages\glm.0.9.7.1\build\native\include\glm\gtx\rotate_normalized_axis.hpp">
      <Filter>Header Files</Filter>
    </ClInclude>
    <ClInclude Include="packages\glm.0.9.7.1\build\native\include\glm\gtx\rotate_vector.hpp">
      <Filter>Header Files</Filter>
    </ClInclude>
    <ClInclude Include="packages\glm.0.9.7.1\build\native\include\glm\gtx\scalar_multiplication.hpp">
      <Filter>Header Files</Filter>
    </ClInclude>
    <ClInclude Include="packages\glm.0.9.7.1\build\native\include\glm\gtx\scalar_relational.hpp">
      <Filter>Header Files</Filter>
    </ClInclude>
    <ClInclude Include="packages\glm.0.9.7.1\build\native\include\glm\gtx\simd_mat4.hpp">
      <Filter>Header Files</Filter>
    </ClInclude>
    <ClInclude Include="packages\glm.0.9.7.1\build\native\include\glm\gtx\simd_quat.hpp">
      <Filter>Header Files</Filter>
    </ClInclude>
    <ClInclude Include="packages\glm.0.9.7.1\build\native\include\glm\gtx\simd_vec4.hpp">
      <Filter>Header Files</Filter>
    </ClInclude>
    <ClInclude Include="packages\glm.0.9.7.1\build\native\include\glm\gtx\spline.hpp">
      <Filter>Header Files</Filter>
    </ClInclude>
    <ClInclude Include="packages\glm.0.9.7.1\build\native\include\glm\gtx\std_based_type.hpp">
      <Filter>Header Files</Filter>
    </ClInclude>
    <ClInclude Include="packages\glm.0.9.7.1\build\native\include\glm\gtx\string_cast.hpp">
      <Filter>Header Files</Filter>
    </ClInclude>
    <ClInclude Include="packages\glm.0.9.7.1\build\native\include\glm\gtx\transform.hpp">
      <Filter>Header Files</Filter>
    </ClInclude>
    <ClInclude Include="packages\glm.0.9.7.1\build\native\include\glm\gtx\transform2.hpp">
      <Filter>Header Files</Filter>
    </ClInclude>
    <ClInclude Include="packages\glm.0.9.7.1\build\native\include\glm\gtx\type_aligned.hpp">
      <Filter>Header Files</Filter>
    </ClInclude>
    <ClInclude Include="packages\glm.0.9.7.1\build\native\include\glm\gtx\vector_angle.hpp">
      <Filter>Header Files</Filter>
    </ClInclude>
    <ClInclude Include="packages\glm.0.9.7.1\build\native\include\glm\gtx\vector_query.hpp">
      <Filter>Header Files</Filter>
    </ClInclude>
    <ClInclude Include="packages\glm.0.9.7.1\build\native\include\glm\gtx\wrap.hpp">
      <Filter>Header Files</Filter>
    </ClInclude>
    <ClInclude Include="packages\nupengl.core.0.1.0.1\build\native\include\gl\freeglut.h">
      <Filter>Header Files</Filter>
    </ClInclude>
    <ClInclude Include="packages\nupengl.core.0.1.0.1\build\native\include\gl\freeglut_ext.h">
      <Filter>Header Files</Filter>
    </ClInclude>
    <ClInclude Include="packages\nupengl.core.0.1.0.1\build\native\include\gl\freeglut_std.h">
      <Filter>Header Files</Filter>
    </ClInclude>
    <ClInclude Include="packages\nupengl.core.0.1.0.1\build\native\include\gl\glew.h">
      <Filter>Header Files</Filter>
    </ClInclude>
    <ClInclude Include="packages\nupengl.core.0.1.0.1\build\native\include\gl\glut.h">
      <Filter>Header Files</Filter>
    </ClInclude>
    <ClInclude Include="packages\nupengl.core.0.1.0.1\build\native\include\gl\glxew.h">
      <Filter>Header Files</Filter>
    </ClInclude>
    <ClInclude Include="packages\nupengl.core.0.1.0.1\build\native\include\gl\wglew.h">
      <Filter>Header Files</Filter>
    </ClInclude>
    <ClInclude Include="packages\nupengl.core.0.1.0.1\build\native\include\glfw\glfw3.h">
      <Filter>Header Files</Filter>
    </ClInclude>
    <ClInclude Include="packages\nupengl.core.0.1.0.1\build\native\include\glfw\glfw3native.h">
      <Filter>Header Files</Filter>
    </ClInclude>
    <ClInclude Include="packages\opencv.2.4.10\build\native\include\opencv\cv.h">
      <Filter>Header Files</Filter>
    </ClInclude>
    <ClInclude Include="packages\opencv.2.4.10\build\native\include\opencv\cvaux.h">
      <Filter>Header Files</Filter>
    </ClInclude>
    <ClInclude Include="packages\opencv.2.4.10\build\native\include\opencv\cvwimage.h">
      <Filter>Header Files</Filter>
    </ClInclude>
    <ClInclude Include="packages\opencv.2.4.10\build\native\include\opencv\cxcore.h">
      <Filter>Header Files</Filter>
    </ClInclude>
    <ClInclude Include="packages\opencv.2.4.10\build\native\include\opencv\cxmisc.h">
      <Filter>Header Files</Filter>
    </ClInclude>
    <ClInclude Include="packages\opencv.2.4.10\build\native\include\opencv\highgui.h">
      <Filter>Header Files</Filter>
    </ClInclude>
    <ClInclude Include="packages\opencv.2.4.10\build\native\include\opencv\ml.h">
      <Filter>Header Files</Filter>
    </ClInclude>
    <ClInclude Include="packages\opencv.2.4.10\build\native\include\opencv\cv.hpp">
      <Filter>Header Files</Filter>
    </ClInclude>
    <ClInclude Include="packages\opencv.2.4.10\build\native\include\opencv\cvaux.hpp">
      <Filter>Header Files</Filter>
    </ClInclude>
    <ClInclude Include="packages\opencv.2.4.10\build\native\include\opencv\cxcore.hpp">
      <Filter>Header Files</Filter>
    </ClInclude>
    <ClInclude Include="packages\opencv.2.4.10\build\native\include\opencv\cxeigen.hpp">
      <Filter>Header Files</Filter>
    </ClInclude>
    <ClInclude Include="packages\opencv.2.4.10\build\native\include\opencv2\opencv.hpp">
      <Filter>Header Files</Filter>
    </ClInclude>
    <ClInclude Include="packages\opencv.2.4.10\build\native\include\opencv2\opencv_modules.hpp">
      <Filter>Header Files</Filter>
    </ClInclude>
    <ClInclude Include="packages\opencv.2.4.10\build\native\include\opencv2\calib3d\calib3d.hpp">
      <Filter>Header Files</Filter>
    </ClInclude>
    <ClInclude Include="packages\opencv.2.4.10\build\native\include\opencv2\contrib\contrib.hpp">
      <Filter>Header Files</Filter>
    </ClInclude>
    <ClInclude Include="packages\opencv.2.4.10\build\native\include\opencv2\contrib\detection_based_tracker.hpp">
      <Filter>Header Files</Filter>
    </ClInclude>
    <ClInclude Include="packages\opencv.2.4.10\build\native\include\opencv2\contrib\hybridtracker.hpp">
      <Filter>Header Files</Filter>
    </ClInclude>
    <ClInclude Include="packages\opencv.2.4.10\build\native\include\opencv2\contrib\openfabmap.hpp">
      <Filter>Header Files</Filter>
    </ClInclude>
    <ClInclude Include="packages\opencv.2.4.10\build\native\include\opencv2\contrib\retina.hpp">
      <Filter>Header Files</Filter>
    </ClInclude>
    <ClInclude Include="packages\opencv.2.4.10\build\native\include\opencv2\core\core_c.h">
      <Filter>Header Files</Filter>
    </ClInclude>
    <ClInclude Include="packages\opencv.2.4.10\build\native\include\opencv2\core\types_c.h">
      <Filter>Header Files</Filter>
    </ClInclude>
    <ClInclude Include="packages\opencv.2.4.10\build\native\include\opencv2\core\affine.hpp">
      <Filter>Header Files</Filter>
    </ClInclude>
    <ClInclude Include="packages\opencv.2.4.10\build\native\include\opencv2\core\core.hpp">
      <Filter>Header Files</Filter>
    </ClInclude>
    <ClInclude Include="packages\opencv.2.4.10\build\native\include\opencv2\core\cuda_devptrs.hpp">
      <Filter>Header Files</Filter>
    </ClInclude>
    <ClInclude Include="packages\opencv.2.4.10\build\native\include\opencv2\core\devmem2d.hpp">
      <Filter>Header Files</Filter>
    </ClInclude>
    <ClInclude Include="packages\opencv.2.4.10\build\native\include\opencv2\core\eigen.hpp">
      <Filter>Header Files</Filter>
    </ClInclude>
    <ClInclude Include="packages\opencv.2.4.10\build\native\include\opencv2\core\gpumat.hpp">
      <Filter>Header Files</Filter>
    </ClInclude>
    <ClInclude Include="packages\opencv.2.4.10\build\native\include\opencv2\core\internal.hpp">
      <Filter>Header Files</Filter>
    </ClInclude>
    <ClInclude Include="packages\opencv.2.4.10\build\native\include\opencv2\core\mat.hpp">
      <Filter>Header Files</Filter>
    </ClInclude>
    <ClInclude Include="packages\opencv.2.4.10\build\native\include\opencv2\core\opengl_interop.hpp">
      <Filter>Header Files</Filter>
    </ClInclude>
    <ClInclude Include="packages\opencv.2.4.10\build\native\include\opencv2\core\opengl_interop_deprecated.hpp">
      <Filter>Header Files</Filter>
    </ClInclude>
    <ClInclude Include="packages\opencv.2.4.10\build\native\include\opencv2\core\operations.hpp">
      <Filter>Header Files</Filter>
    </ClInclude>
    <ClInclude Include="packages\opencv.2.4.10\build\native\include\opencv2\core\version.hpp">
      <Filter>Header Files</Filter>
    </ClInclude>
    <ClInclude Include="packages\opencv.2.4.10\build\native\include\opencv2\core\wimage.hpp">
      <Filter>Header Files</Filter>
    </ClInclude>
    <ClInclude Include="packages\opencv.2.4.10\build\native\include\opencv2\features2d\features2d.hpp">
      <Filter>Header Files</Filter>
    </ClInclude>
    <ClInclude Include="packages\opencv.2.4.10\build\native\include\opencv2\flann\allocator.h">
      <Filter>Header Files</Filter>
    </ClInclude>
    <ClInclude Include="packages\opencv.2.4.10\build\native\include\opencv2\flann\all_indices.h">
      <Filter>Header Files</Filter>
    </ClInclude>
    <ClInclude Include="packages\opencv.2.4.10\build\native\include\opencv2\flann\any.h">
      <Filter>Header Files</Filter>
    </ClInclude>
    <ClInclude Include="packages\opencv.2.4.10\build\native\include\opencv2\flann\autotuned_index.h">
      <Filter>Header Files</Filter>
    </ClInclude>
    <ClInclude Include="packages\opencv.2.4.10\build\native\include\opencv2\flann\composite_index.h">
      <Filter>Header Files</Filter>
    </ClInclude>
    <ClInclude Include="packages\opencv.2.4.10\build\native\include\opencv2\flann\config.h">
      <Filter>Header Files</Filter>
    </ClInclude>
    <ClInclude Include="packages\opencv.2.4.10\build\native\include\opencv2\flann\defines.h">
      <Filter>Header Files</Filter>
    </ClInclude>
    <ClInclude Include="packages\opencv.2.4.10\build\native\include\opencv2\flann\dist.h">
      <Filter>Header Files</Filter>
    </ClInclude>
    <ClInclude Include="packages\opencv.2.4.10\build\native\include\opencv2\flann\dummy.h">
      <Filter>Header Files</Filter>
    </ClInclude>
    <ClInclude Include="packages\opencv.2.4.10\build\native\include\opencv2\flann\dynamic_bitset.h">
      <Filter>Header Files</Filter>
    </ClInclude>
    <ClInclude Include="packages\opencv.2.4.10\build\native\include\opencv2\flann\general.h">
      <Filter>Header Files</Filter>
    </ClInclude>
    <ClInclude Include="packages\opencv.2.4.10\build\native\include\opencv2\flann\ground_truth.h">
      <Filter>Header Files</Filter>
    </ClInclude>
    <ClInclude Include="packages\opencv.2.4.10\build\native\include\opencv2\flann\hdf5.h">
      <Filter>Header Files</Filter>
    </ClInclude>
    <ClInclude Include="packages\opencv.2.4.10\build\native\include\opencv2\flann\heap.h">
      <Filter>Header Files</Filter>
    </ClInclude>
    <ClInclude Include="packages\opencv.2.4.10\build\native\include\opencv2\flann\hierarchical_clustering_index.h">
      <Filter>Header Files</Filter>
    </ClInclude>
    <ClInclude Include="packages\opencv.2.4.10\build\native\include\opencv2\flann\index_testing.h">
      <Filter>Header Files</Filter>
    </ClInclude>
    <ClInclude Include="packages\opencv.2.4.10\build\native\include\opencv2\flann\kdtree_index.h">
      <Filter>Header Files</Filter>
    </ClInclude>
    <ClInclude Include="packages\opencv.2.4.10\build\native\include\opencv2\flann\kdtree_single_index.h">
      <Filter>Header Files</Filter>
    </ClInclude>
    <ClInclude Include="packages\opencv.2.4.10\build\native\include\opencv2\flann\kmeans_index.h">
      <Filter>Header Files</Filter>
    </ClInclude>
    <ClInclude Include="packages\opencv.2.4.10\build\native\include\opencv2\flann\linear_index.h">
      <Filter>Header Files</Filter>
    </ClInclude>
    <ClInclude Include="packages\opencv.2.4.10\build\native\include\opencv2\flann\logger.h">
      <Filter>Header Files</Filter>
    </ClInclude>
    <ClInclude Include="packages\opencv.2.4.10\build\native\include\opencv2\flann\lsh_index.h">
      <Filter>Header Files</Filter>
    </ClInclude>
    <ClInclude Include="packages\opencv.2.4.10\build\native\include\opencv2\flann\lsh_table.h">
      <Filter>Header Files</Filter>
    </ClInclude>
    <ClInclude Include="packages\opencv.2.4.10\build\native\include\opencv2\flann\matrix.h">
      <Filter>Header Files</Filter>
    </ClInclude>
    <ClInclude Include="packages\opencv.2.4.10\build\native\include\opencv2\flann\nn_index.h">
      <Filter>Header Files</Filter>
    </ClInclude>
    <ClInclude Include="packages\opencv.2.4.10\build\native\include\opencv2\flann\object_factory.h">
      <Filter>Header Files</Filter>
    </ClInclude>
    <ClInclude Include="packages\opencv.2.4.10\build\native\include\opencv2\flann\params.h">
      <Filter>Header Files</Filter>
    </ClInclude>
    <ClInclude Include="packages\opencv.2.4.10\build\native\include\opencv2\flann\random.h">
      <Filter>Header Files</Filter>
    </ClInclude>
    <ClInclude Include="packages\opencv.2.4.10\build\native\include\opencv2\flann\result_set.h">
      <Filter>Header Files</Filter>
    </ClInclude>
    <ClInclude Include="packages\opencv.2.4.10\build\native\include\opencv2\flann\sampling.h">
      <Filter>Header Files</Filter>
    </ClInclude>
    <ClInclude Include="packages\opencv.2.4.10\build\native\include\opencv2\flann\saving.h">
      <Filter>Header Files</Filter>
    </ClInclude>
    <ClInclude Include="packages\opencv.2.4.10\build\native\include\opencv2\flann\simplex_downhill.h">
      <Filter>Header Files</Filter>
    </ClInclude>
    <ClInclude Include="packages\opencv.2.4.10\build\native\include\opencv2\flann\timer.h">
      <Filter>Header Files</Filter>
    </ClInclude>
    <ClInclude Include="packages\opencv.2.4.10\build\native\include\opencv2\flann\flann.hpp">
      <Filter>Header Files</Filter>
    </ClInclude>
    <ClInclude Include="packages\opencv.2.4.10\build\native\include\opencv2\flann\flann_base.hpp">
      <Filter>Header Files</Filter>
    </ClInclude>
    <ClInclude Include="packages\opencv.2.4.10\build\native\include\opencv2\flann\miniflann.hpp">
      <Filter>Header Files</Filter>
    </ClInclude>
    <ClInclude Include="packages\opencv.2.4.10\build\native\include\opencv2\gpu\devmem2d.hpp">
      <Filter>Header Files</Filter>
    </ClInclude>
    <ClInclude Include="packages\opencv.2.4.10\build\native\include\opencv2\gpu\gpu.hpp">
      <Filter>Header Files</Filter>
    </ClInclude>
    <ClInclude Include="packages\opencv.2.4.10\build\native\include\opencv2\gpu\gpumat.hpp">
      <Filter>Header Files</Filter>
    </ClInclude>
    <ClInclude Include="packages\opencv.2.4.10\build\native\include\opencv2\gpu\stream_accessor.hpp">
      <Filter>Header Files</Filter>
    </ClInclude>
    <ClInclude Include="packages\opencv.2.4.10\build\native\include\opencv2\gpu\device\block.hpp">
      <Filter>Header Files</Filter>
    </ClInclude>
    <ClInclude Include="packages\opencv.2.4.10\build\native\include\opencv2\gpu\device\border_interpolate.hpp">
      <Filter>Header Files</Filter>
    </ClInclude>
    <ClInclude Include="packages\opencv.2.4.10\build\native\include\opencv2\gpu\device\color.hpp">
      <Filter>Header Files</Filter>
    </ClInclude>
    <ClInclude Include="packages\opencv.2.4.10\build\native\include\opencv2\gpu\device\common.hpp">
      <Filter>Header Files</Filter>
    </ClInclude>
    <ClInclude Include="packages\opencv.2.4.10\build\native\include\opencv2\gpu\device\datamov_utils.hpp">
      <Filter>Header Files</Filter>
    </ClInclude>
    <ClInclude Include="packages\opencv.2.4.10\build\native\include\opencv2\gpu\device\dynamic_smem.hpp">
      <Filter>Header Files</Filter>
    </ClInclude>
    <ClInclude Include="packages\opencv.2.4.10\build\native\include\opencv2\gpu\device\emulation.hpp">
      <Filter>Header Files</Filter>
    </ClInclude>
    <ClInclude Include="packages\opencv.2.4.10\build\native\include\opencv2\gpu\device\filters.hpp">
      <Filter>Header Files</Filter>
    </ClInclude>
    <ClInclude Include="packages\opencv.2.4.10\build\native\include\opencv2\gpu\device\funcattrib.hpp">
      <Filter>Header Files</Filter>
    </ClInclude>
    <ClInclude Include="packages\opencv.2.4.10\build\native\include\opencv2\gpu\device\functional.hpp">
      <Filter>Header Files</Filter>
    </ClInclude>
    <ClInclude Include="packages\opencv.2.4.10\build\native\include\opencv2\gpu\device\limits.hpp">
      <Filter>Header Files</Filter>
    </ClInclude>
    <ClInclude Include="packages\opencv.2.4.10\build\native\include\opencv2\gpu\device\reduce.hpp">
      <Filter>Header Files</Filter>
    </ClInclude>
    <ClInclude Include="packages\opencv.2.4.10\build\native\include\opencv2\gpu\device\saturate_cast.hpp">
      <Filter>Header Files</Filter>
    </ClInclude>
    <ClInclude Include="packages\opencv.2.4.10\build\native\include\opencv2\gpu\device\scan.hpp">
      <Filter>Header Files</Filter>
    </ClInclude>
    <ClInclude Include="packages\opencv.2.4.10\build\native\include\opencv2\gpu\device\simd_functions.hpp">
      <Filter>Header Files</Filter>
    </ClInclude>
    <ClInclude Include="packages\opencv.2.4.10\build\native\include\opencv2\gpu\device\static_check.hpp">
      <Filter>Header Files</Filter>
    </ClInclude>
    <ClInclude Include="packages\opencv.2.4.10\build\native\include\opencv2\gpu\device\transform.hpp">
      <Filter>Header Files</Filter>
    </ClInclude>
    <ClInclude Include="packages\opencv.2.4.10\build\native\include\opencv2\gpu\device\type_traits.hpp">
      <Filter>Header Files</Filter>
    </ClInclude>
    <ClInclude Include="packages\opencv.2.4.10\build\native\include\opencv2\gpu\device\utility.hpp">
      <Filter>Header Files</Filter>
    </ClInclude>
    <ClInclude Include="packages\opencv.2.4.10\build\native\include\opencv2\gpu\device\vec_distance.hpp">
      <Filter>Header Files</Filter>
    </ClInclude>
    <ClInclude Include="packages\opencv.2.4.10\build\native\include\opencv2\gpu\device\vec_math.hpp">
      <Filter>Header Files</Filter>
    </ClInclude>
    <ClInclude Include="packages\opencv.2.4.10\build\native\include\opencv2\gpu\device\vec_traits.hpp">
      <Filter>Header Files</Filter>
    </ClInclude>
    <ClInclude Include="packages\opencv.2.4.10\build\native\include\opencv2\gpu\device\warp.hpp">
      <Filter>Header Files</Filter>
    </ClInclude>
    <ClInclude Include="packages\opencv.2.4.10\build\native\include\opencv2\gpu\device\warp_reduce.hpp">
      <Filter>Header Files</Filter>
    </ClInclude>
    <ClInclude Include="packages\opencv.2.4.10\build\native\include\opencv2\gpu\device\warp_shuffle.hpp">
      <Filter>Header Files</Filter>
    </ClInclude>
    <ClInclude Include="packages\opencv.2.4.10\build\native\include\opencv2\gpu\device\detail\color_detail.hpp">
      <Filter>Header Files</Filter>
    </ClInclude>
    <ClInclude Include="packages\opencv.2.4.10\build\native\include\opencv2\gpu\device\detail\reduce.hpp">
      <Filter>Header Files</Filter>
    </ClInclude>
    <ClInclude Include="packages\opencv.2.4.10\build\native\include\opencv2\gpu\device\detail\reduce_key_val.hpp">
      <Filter>Header Files</Filter>
    </ClInclude>
    <ClInclude Include="packages\opencv.2.4.10\build\native\include\opencv2\gpu\device\detail\transform_detail.hpp">
      <Filter>Header Files</Filter>
    </ClInclude>
    <ClInclude Include="packages\opencv.2.4.10\build\native\include\opencv2\gpu\device\detail\type_traits_detail.hpp">
      <Filter>Header Files</Filter>
    </ClInclude>
    <ClInclude Include="packages\opencv.2.4.10\build\native\include\opencv2\gpu\device\detail\vec_distance_detail.hpp">
      <Filter>Header Files</Filter>
    </ClInclude>
    <ClInclude Include="packages\opencv.2.4.10\build\native\include\opencv2\highgui\cap_ios.h">
      <Filter>Header Files</Filter>
    </ClInclude>
    <ClInclude Include="packages\opencv.2.4.10\build\native\include\opencv2\highgui\highgui_c.h">
      <Filter>Header Files</Filter>
    </ClInclude>
    <ClInclude Include="packages\opencv.2.4.10\build\native\include\opencv2\highgui\ios.h">
      <Filter>Header Files</Filter>
    </ClInclude>
    <ClInclude Include="packages\opencv.2.4.10\build\native\include\opencv2\highgui\highgui.hpp">
      <Filter>Header Files</Filter>
    </ClInclude>
    <ClInclude Include="packages\opencv.2.4.10\build\native\include\opencv2\imgproc\imgproc_c.h">
      <Filter>Header Files</Filter>
    </ClInclude>
    <ClInclude Include="packages\opencv.2.4.10\build\native\include\opencv2\imgproc\types_c.h">
      <Filter>Header Files</Filter>
    </ClInclude>
    <ClInclude Include="packages\opencv.2.4.10\build\native\include\opencv2\imgproc\imgproc.hpp">
      <Filter>Header Files</Filter>
    </ClInclude>
    <ClInclude Include="packages\opencv.2.4.10\build\native\include\opencv2\legacy\blobtrack.hpp">
      <Filter>Header Files</Filter>
    </ClInclude>
    <ClInclude Include="packages\opencv.2.4.10\build\native\include\opencv2\legacy\compat.hpp">
      <Filter>Header Files</Filter>
    </ClInclude>
    <ClInclude Include="packages\opencv.2.4.10\build\native\include\opencv2\legacy\legacy.hpp">
      <Filter>Header Files</Filter>
    </ClInclude>
    <ClInclude Include="packages\opencv.2.4.10\build\native\include\opencv2\legacy\streams.hpp">
      <Filter>Header Files</Filter>
    </ClInclude>
    <ClInclude Include="packages\opencv.2.4.10\build\native\include\opencv2\ml\ml.hpp">
      <Filter>Header Files</Filter>
    </ClInclude>
    <ClInclude Include="packages\opencv.2.4.10\build\native\include\opencv2\nonfree\features2d.hpp">
      <Filter>Header Files</Filter>
    </ClInclude>
    <ClInclude Include="packages\opencv.2.4.10\build\native\include\opencv2\nonfree\gpu.hpp">
      <Filter>Header Files</Filter>
    </ClInclude>
    <ClInclude Include="packages\opencv.2.4.10\build\native\include\opencv2\nonfree\nonfree.hpp">
      <Filter>Header Files</Filter>
    </ClInclude>
    <ClInclude Include="packages\opencv.2.4.10\build\native\include\opencv2\nonfree\ocl.hpp">
      <Filter>Header Files</Filter>
    </ClInclude>
    <ClInclude Include="packages\opencv.2.4.10\build\native\include\opencv2\objdetect\objdetect.hpp">
      <Filter>Header Files</Filter>
    </ClInclude>
    <ClInclude Include="packages\opencv.2.4.10\build\native\include\opencv2\ocl\matrix_operations.hpp">
      <Filter>Header Files</Filter>
    </ClInclude>
    <ClInclude Include="packages\opencv.2.4.10\build\native\include\opencv2\ocl\ocl.hpp">
      <Filter>Header Files</Filter>
    </ClInclude>
    <ClInclude Include="packages\opencv.2.4.10\build\native\include\opencv2\photo\photo_c.h">
      <Filter>Header Files</Filter>
    </ClInclude>
    <ClInclude Include="packages\opencv.2.4.10\build\native\include\opencv2\photo\photo.hpp">
      <Filter>Header Files</Filter>
    </ClInclude>
    <ClInclude Include="packages\opencv.2.4.10\build\native\include\opencv2\stitching\stitcher.hpp">
      <Filter>Header Files</Filter>
    </ClInclude>
    <ClInclude Include="packages\opencv.2.4.10\build\native\include\opencv2\stitching\warpers.hpp">
      <Filter>Header Files</Filter>
    </ClInclude>
    <ClInclude Include="packages\opencv.2.4.10\build\native\include\opencv2\stitching\detail\autocalib.hpp">
      <Filter>Header Files</Filter>
    </ClInclude>
    <ClInclude Include="packages\opencv.2.4.10\build\native\include\opencv2\stitching\detail\blenders.hpp">
      <Filter>Header Files</Filter>
    </ClInclude>
    <ClInclude Include="packages\opencv.2.4.10\build\native\include\opencv2\stitching\detail\camera.hpp">
      <Filter>Header Files</Filter>
    </ClInclude>
    <ClInclude Include="packages\opencv.2.4.10\build\native\include\opencv2\stitching\detail\exposure_compensate.hpp">
      <Filter>Header Files</Filter>
    </ClInclude>
    <ClInclude Include="packages\opencv.2.4.10\build\native\include\opencv2\stitching\detail\matchers.hpp">
      <Filter>Header Files</Filter>
    </ClInclude>
    <ClInclude Include="packages\opencv.2.4.10\build\native\include\opencv2\stitching\detail\motion_estimators.hpp">
      <Filter>Header Files</Filter>
    </ClInclude>
    <ClInclude Include="packages\opencv.2.4.10\build\native\include\opencv2\stitching\detail\seam_finders.hpp">
      <Filter>Header Files</Filter>
    </ClInclude>
    <ClInclude Include="packages\opencv.2.4.10\build\native\include\opencv2\stitching\detail\util.hpp">
      <Filter>Header Files</Filter>
    </ClInclude>
    <ClInclude Include="packages\opencv.2.4.10\build\native\include\opencv2\stitching\detail\util_inl.hpp">
      <Filter>Header Files</Filter>
    </ClInclude>
    <ClInclude Include="packages\opencv.2.4.10\build\native\include\opencv2\stitching\detail\warpers.hpp">
      <Filter>Header Files</Filter>
    </ClInclude>
    <ClInclude Include="packages\opencv.2.4.10\build\native\include\opencv2\stitching\detail\warpers_inl.hpp">
      <Filter>Header Files</Filter>
    </ClInclude>
    <ClInclude Include="packages\opencv.2.4.10\build\native\include\opencv2\superres\optical_flow.hpp">
      <Filter>Header Files</Filter>
    </ClInclude>
    <ClInclude Include="packages\opencv.2.4.10\build\native\include\opencv2\superres\superres.hpp">
      <Filter>Header Files</Filter>
    </ClInclude>
    <ClInclude Include="packages\opencv.2.4.10\build\native\include\opencv2\ts\ts_gtest.h">
      <Filter>Header Files</Filter>
    </ClInclude>
    <ClInclude Include="packages\opencv.2.4.10\build\native\include\opencv2\ts\gpu_perf.hpp">
      <Filter>Header Files</Filter>
    </ClInclude>
    <ClInclude Include="packages\opencv.2.4.10\build\native\include\opencv2\ts\gpu_test.hpp">
      <Filter>Header Files</Filter>
    </ClInclude>
    <ClInclude Include="packages\opencv.2.4.10\build\native\include\opencv2\ts\ts.hpp">
      <Filter>Header Files</Filter>
    </ClInclude>
    <ClInclude Include="packages\opencv.2.4.10\build\native\include\opencv2\ts\ts_perf.hpp">
      <Filter>Header Files</Filter>
    </ClInclude>
    <ClInclude Include="packages\opencv.2.4.10\build\native\include\opencv2\video\background_segm.hpp">
      <Filter>Header Files</Filter>
    </ClInclude>
    <ClInclude Include="packages\opencv.2.4.10\build\native\include\opencv2\video\tracking.hpp">
      <Filter>Header Files</Filter>
    </ClInclude>
    <ClInclude Include="packages\opencv.2.4.10\build\native\include\opencv2\video\video.hpp">
      <Filter>Header Files</Filter>
    </ClInclude>
    <ClInclude Include="packages\opencv.2.4.10\build\native\include\opencv2\videostab\deblurring.hpp">
      <Filter>Header Files</Filter>
    </ClInclude>
    <ClInclude Include="packages\opencv.2.4.10\build\native\include\opencv2\videostab\fast_marching.hpp">
      <Filter>Header Files</Filter>
    </ClInclude>
    <ClInclude Include="packages\opencv.2.4.10\build\native\include\opencv2\videostab\fast_marching_inl.hpp">
      <Filter>Header Files</Filter>
    </ClInclude>
    <ClInclude Include="packages\opencv.2.4.10\build\native\include\opencv2\videostab\frame_source.hpp">
      <Filter>Header Files</Filter>
    </ClInclude>
    <ClInclude Include="packages\opencv.2.4.10\build\native\include\opencv2\videostab\global_motion.hpp">
      <Filter>Header Files</Filter>
    </ClInclude>
    <ClInclude Include="packages\opencv.2.4.10\build\native\include\opencv2\videostab\inpainting.hpp">
      <Filter>Header Files</Filter>
    </ClInclude>
    <ClInclude Include="packages\opencv.2.4.10\build\native\include\opencv2\videostab\log.hpp">
      <Filter>Header Files</Filter>
    </ClInclude>
    <ClInclude Include="packages\opencv.2.4.10\build\native\include\opencv2\videostab\motion_stabilizing.hpp">
      <Filter>Header Files</Filter>
    </ClInclude>
    <ClInclude Include="packages\opencv.2.4.10\build\native\include\opencv2\videostab\optical_flow.hpp">
      <Filter>Header Files</Filter>
    </ClInclude>
    <ClInclude Include="packages\opencv.2.4.10\build\native\include\opencv2\videostab\stabilizer.hpp">
      <Filter>Header Files</Filter>
    </ClInclude>
    <ClInclude Include="packages\opencv.2.4.10\build\native\include\opencv2\videostab\videostab.hpp">
      <Filter>Header Files</Filter>
    </ClInclude>
  </ItemGroup>
  <ItemGroup>
    <None Include="packages\glm.0.9.7.1\build\native\include\glm\detail\func_common.inl">
      <Filter>Header Files</Filter>
    </None>
    <None Include="packages\glm.0.9.7.1\build\native\include\glm\detail\func_exponential.inl">
      <Filter>Header Files</Filter>
    </None>
    <None Include="packages\glm.0.9.7.1\build\native\include\glm\detail\func_geometric.inl">
      <Filter>Header Files</Filter>
    </None>
    <None Include="packages\glm.0.9.7.1\build\native\include\glm\detail\func_integer.inl">
      <Filter>Header Files</Filter>
    </None>
    <None Include="packages\glm.0.9.7.1\build\native\include\glm\detail\func_matrix.inl">
      <Filter>Header Files</Filter>
    </None>
    <None Include="packages\glm.0.9.7.1\build\native\include\glm\detail\func_packing.inl">
      <Filter>Header Files</Filter>
    </None>
    <None Include="packages\glm.0.9.7.1\build\native\include\glm\detail\func_trigonometric.inl">
      <Filter>Header Files</Filter>
    </None>
    <None Include="packages\glm.0.9.7.1\build\native\include\glm\detail\func_vector_relational.inl">
      <Filter>Header Files</Filter>
    </None>
    <None Include="packages\glm.0.9.7.1\build\native\include\glm\detail\intrinsic_common.inl">
      <Filter>Header Files</Filter>
    </None>
    <None Include="packages\glm.0.9.7.1\build\native\include\glm\detail\intrinsic_exponential.inl">
      <Filter>Header Files</Filter>
    </None>
    <None Include="packages\glm.0.9.7.1\build\native\include\glm\detail\intrinsic_geometric.inl">
      <Filter>Header Files</Filter>
    </None>
    <None Include="packages\glm.0.9.7.1\build\native\include\glm\detail\intrinsic_integer.inl">
      <Filter>Header Files</Filter>
    </None>
    <None Include="packages\glm.0.9.7.1\build\native\include\glm\detail\intrinsic_matrix.inl">
      <Filter>Header Files</Filter>
    </None>
    <None Include="packages\glm.0.9.7.1\build\native\include\glm\detail\intrinsic_trigonometric.inl">
      <Filter>Header Files</Filter>
    </None>
    <None Include="packages\glm.0.9.7.1\build\native\include\glm\detail\intrinsic_vector_relational.inl">
      <Filter>Header Files</Filter>
    </None>
    <None Include="packages\glm.0.9.7.1\build\native\include\glm\detail\type_gentype.inl">
      <Filter>Header Files</Filter>
    </None>
    <None Include="packages\glm.0.9.7.1\build\native\include\glm\detail\type_half.inl">
      <Filter>Header Files</Filter>
    </None>
    <None Include="packages\glm.0.9.7.1\build\native\include\glm\detail\type_mat.inl">
      <Filter>Header Files</Filter>
    </None>
    <None Include="packages\glm.0.9.7.1\build\native\include\glm\detail\type_mat2x2.inl">
      <Filter>Header Files</Filter>
    </None>
    <None Include="packages\glm.0.9.7.1\build\native\include\glm\detail\type_mat2x3.inl">
      <Filter>Header Files</Filter>
    </None>
    <None Include="packages\glm.0.9.7.1\build\native\include\glm\detail\type_mat2x4.inl">
      <Filter>Header Files</Filter>
    </None>
    <None Include="packages\glm.0.9.7.1\build\native\include\glm\detail\type_mat3x2.inl">
      <Filter>Header Files</Filter>
    </None>
    <None Include="packages\glm.0.9.7.1\build\native\include\glm\detail\type_mat3x3.inl">
      <Filter>Header Files</Filter>
    </None>
    <None Include="packages\glm.0.9.7.1\build\native\include\glm\detail\type_mat3x4.inl">
      <Filter>Header Files</Filter>
    </None>
    <None Include="packages\glm.0.9.7.1\build\native\include\glm\detail\type_mat4x2.inl">
      <Filter>Header Files</Filter>
    </None>
    <None Include="packages\glm.0.9.7.1\build\native\include\glm\detail\type_mat4x3.inl">
      <Filter>Header Files</Filter>
    </None>
    <None Include="packages\glm.0.9.7.1\build\native\include\glm\detail\type_mat4x4.inl">
      <Filter>Header Files</Filter>
    </None>
    <None Include="packages\glm.0.9.7.1\build\native\include\glm\detail\type_vec.inl">
      <Filter>Header Files</Filter>
    </None>
    <None Include="packages\glm.0.9.7.1\build\native\include\glm\detail\type_vec1.inl">
      <Filter>Header Files</Filter>
    </None>
    <None Include="packages\glm.0.9.7.1\build\native\include\glm\detail\type_vec2.inl">
      <Filter>Header Files</Filter>
    </None>
    <None Include="packages\glm.0.9.7.1\build\native\include\glm\detail\type_vec3.inl">
      <Filter>Header Files</Filter>
    </None>
    <None Include="packages\glm.0.9.7.1\build\native\include\glm\detail\type_vec4.inl">
      <Filter>Header Files</Filter>
    </None>
    <None Include="packages\glm.0.9.7.1\build\native\include\glm\detail\type_vec4_avx.inl">
      <Filter>Header Files</Filter>
    </None>
    <None Include="packages\glm.0.9.7.1\build\native\include\glm\detail\type_vec4_avx2.inl">
      <Filter>Header Files</Filter>
    </None>
    <None Include="packages\glm.0.9.7.1\build\native\include\glm\detail\type_vec4_sse2.inl">
      <Filter>Header Files</Filter>
    </None>
    <None Include="packages\glm.0.9.7.1\build\native\include\glm\gtc\bitfield.inl">
      <Filter>Header Files</Filter>
    </None>
    <None Include="packages\glm.0.9.7.1\build\native\include\glm\gtc\color_space.inl">
      <Filter>Header Files</Filter>
    </None>
    <None Include="packages\glm.0.9.7.1\build\native\include\glm\gtc\constants.inl">
      <Filter>Header Files</Filter>
    </None>
    <None Include="packages\glm.0.9.7.1\build\native\include\glm\gtc\epsilon.inl">
      <Filter>Header Files</Filter>
    </None>
    <None Include="packages\glm.0.9.7.1\build\native\include\glm\gtc\integer.inl">
      <Filter>Header Files</Filter>
    </None>
    <None Include="packages\glm.0.9.7.1\build\native\include\glm\gtc\matrix_access.inl">
      <Filter>Header Files</Filter>
    </None>
    <None Include="packages\glm.0.9.7.1\build\native\include\glm\gtc\matrix_inverse.inl">
      <Filter>Header Files</Filter>
    </None>
    <None Include="packages\glm.0.9.7.1\build\native\include\glm\gtc\matrix_transform.inl">
      <Filter>Header Files</Filter>
    </None>
    <None Include="packages\glm.0.9.7.1\build\native\include\glm\gtc\noise.inl">
      <Filter>Header Files</Filter>
    </None>
    <None Include="packages\glm.0.9.7.1\build\native\include\glm\gtc\packing.inl">
      <Filter>Header Files</Filter>
    </None>
    <None Include="packages\glm.0.9.7.1\build\native\include\glm\gtc\quaternion.inl">
      <Filter>Header Files</Filter>
    </None>
    <None Include="packages\glm.0.9.7.1\build\native\include\glm\gtc\random.inl">
      <Filter>Header Files</Filter>
    </None>
    <None Include="packages\glm.0.9.7.1\build\native\include\glm\gtc\reciprocal.inl">
      <Filter>Header Files</Filter>
    </None>
    <None Include="packages\glm.0.9.7.1\build\native\include\glm\gtc\round.inl">
      <Filter>Header Files</Filter>
    </None>
    <None Include="packages\glm.0.9.7.1\build\native\include\glm\gtc\type_precision.inl">
      <Filter>Header Files</Filter>
    </None>
    <None Include="packages\glm.0.9.7.1\build\native\include\glm\gtc\type_ptr.inl">
      <Filter>Header Files</Filter>
    </None>
    <None Include="packages\glm.0.9.7.1\build\native\include\glm\gtc\ulp.inl">
      <Filter>Header Files</Filter>
    </None>
    <None Include="packages\glm.0.9.7.1\build\native\include\glm\gtc\vec1.inl">
      <Filter>Header Files</Filter>
    </None>
    <None Include="packages\glm.0.9.7.1\build\native\include\glm\gtx\associated_min_max.inl">
      <Filter>Header Files</Filter>
    </None>
    <None Include="packages\glm.0.9.7.1\build\native\include\glm\gtx\bit.inl">
      <Filter>Header Files</Filter>
    </None>
    <None Include="packages\glm.0.9.7.1\build\native\include\glm\gtx\closest_point.inl">
      <Filter>Header Files</Filter>
    </None>
    <None Include="packages\glm.0.9.7.1\build\native\include\glm\gtx\color_space.inl">
      <Filter>Header Files</Filter>
    </None>
    <None Include="packages\glm.0.9.7.1\build\native\include\glm\gtx\color_space_YCoCg.inl">
      <Filter>Header Files</Filter>
    </None>
    <None Include="packages\glm.0.9.7.1\build\native\include\glm\gtx\common.inl">
      <Filter>Header Files</Filter>
    </None>
    <None Include="packages\glm.0.9.7.1\build\native\include\glm\gtx\compatibility.inl">
      <Filter>Header Files</Filter>
    </None>
    <None Include="packages\glm.0.9.7.1\build\native\include\glm\gtx\component_wise.inl">
      <Filter>Header Files</Filter>
    </None>
    <None Include="packages\glm.0.9.7.1\build\native\include\glm\gtx\dual_quaternion.inl">
      <Filter>Header Files</Filter>
    </None>
    <None Include="packages\glm.0.9.7.1\build\native\include\glm\gtx\euler_angles.inl">
      <Filter>Header Files</Filter>
    </None>
    <None Include="packages\glm.0.9.7.1\build\native\include\glm\gtx\extend.inl">
      <Filter>Header Files</Filter>
    </None>
    <None Include="packages\glm.0.9.7.1\build\native\include\glm\gtx\extented_min_max.inl">
      <Filter>Header Files</Filter>
    </None>
    <None Include="packages\glm.0.9.7.1\build\native\include\glm\gtx\fast_exponential.inl">
      <Filter>Header Files</Filter>
    </None>
    <None Include="packages\glm.0.9.7.1\build\native\include\glm\gtx\fast_square_root.inl">
      <Filter>Header Files</Filter>
    </None>
    <None Include="packages\glm.0.9.7.1\build\native\include\glm\gtx\fast_trigonometry.inl">
      <Filter>Header Files</Filter>
    </None>
    <None Include="packages\glm.0.9.7.1\build\native\include\glm\gtx\gradient_paint.inl">
      <Filter>Header Files</Filter>
    </None>
    <None Include="packages\glm.0.9.7.1\build\native\include\glm\gtx\handed_coordinate_space.inl">
      <Filter>Header Files</Filter>
    </None>
    <None Include="packages\glm.0.9.7.1\build\native\include\glm\gtx\hash.inl">
      <Filter>Header Files</Filter>
    </None>
    <None Include="packages\glm.0.9.7.1\build\native\include\glm\gtx\integer.inl">
      <Filter>Header Files</Filter>
    </None>
    <None Include="packages\glm.0.9.7.1\build\native\include\glm\gtx\intersect.inl">
      <Filter>Header Files</Filter>
    </None>
    <None Include="packages\glm.0.9.7.1\build\native\include\glm\gtx\io.inl">
      <Filter>Header Files</Filter>
    </None>
    <None Include="packages\glm.0.9.7.1\build\native\include\glm\gtx\log_base.inl">
      <Filter>Header Files</Filter>
    </None>
    <None Include="packages\glm.0.9.7.1\build\native\include\glm\gtx\matrix_cross_product.inl">
      <Filter>Header Files</Filter>
    </None>
    <None Include="packages\glm.0.9.7.1\build\native\include\glm\gtx\matrix_decompose.inl">
      <Filter>Header Files</Filter>
    </None>
    <None Include="packages\glm.0.9.7.1\build\native\include\glm\gtx\matrix_interpolation.inl">
      <Filter>Header Files</Filter>
    </None>
    <None Include="packages\glm.0.9.7.1\build\native\include\glm\gtx\matrix_major_storage.inl">
      <Filter>Header Files</Filter>
    </None>
    <None Include="packages\glm.0.9.7.1\build\native\include\glm\gtx\matrix_operation.inl">
      <Filter>Header Files</Filter>
    </None>
    <None Include="packages\glm.0.9.7.1\build\native\include\glm\gtx\matrix_query.inl">
      <Filter>Header Files</Filter>
    </None>
    <None Include="packages\glm.0.9.7.1\build\native\include\glm\gtx\matrix_transform_2d.inl">
      <Filter>Header Files</Filter>
    </None>
    <None Include="packages\glm.0.9.7.1\build\native\include\glm\gtx\mixed_product.inl">
      <Filter>Header Files</Filter>
    </None>
    <None Include="packages\glm.0.9.7.1\build\native\include\glm\gtx\norm.inl">
      <Filter>Header Files</Filter>
    </None>
    <None Include="packages\glm.0.9.7.1\build\native\include\glm\gtx\normal.inl">
      <Filter>Header Files</Filter>
    </None>
    <None Include="packages\glm.0.9.7.1\build\native\include\glm\gtx\normalize_dot.inl">
      <Filter>Header Files</Filter>
    </None>
    <None Include="packages\glm.0.9.7.1\build\native\include\glm\gtx\number_precision.inl">
      <Filter>Header Files</Filter>
    </None>
    <None Include="packages\glm.0.9.7.1\build\native\include\glm\gtx\optimum_pow.inl">
      <Filter>Header Files</Filter>
    </None>
    <None Include="packages\glm.0.9.7.1\build\native\include\glm\gtx\orthonormalize.inl">
      <Filter>Header Files</Filter>
    </None>
    <None Include="packages\glm.0.9.7.1\build\native\include\glm\gtx\perpendicular.inl">
      <Filter>Header Files</Filter>
    </None>
    <None Include="packages\glm.0.9.7.1\build\native\include\glm\gtx\polar_coordinates.inl">
      <Filter>Header Files</Filter>
    </None>
    <None Include="packages\glm.0.9.7.1\build\native\include\glm\gtx\projection.inl">
      <Filter>Header Files</Filter>
    </None>
    <None Include="packages\glm.0.9.7.1\build\native\include\glm\gtx\quaternion.inl">
      <Filter>Header Files</Filter>
    </None>
    <None Include="packages\glm.0.9.7.1\build\native\include\glm\gtx\raw_data.inl">
      <Filter>Header Files</Filter>
    </None>
    <None Include="packages\glm.0.9.7.1\build\native\include\glm\gtx\rotate_normalized_axis.inl">
      <Filter>Header Files</Filter>
    </None>
    <None Include="packages\glm.0.9.7.1\build\native\include\glm\gtx\rotate_vector.inl">
      <Filter>Header Files</Filter>
    </None>
    <None Include="packages\glm.0.9.7.1\build\native\include\glm\gtx\scalar_relational.inl">
      <Filter>Header Files</Filter>
    </None>
    <None Include="packages\glm.0.9.7.1\build\native\include\glm\gtx\simd_mat4.inl">
      <Filter>Header Files</Filter>
    </None>
    <None Include="packages\glm.0.9.7.1\build\native\include\glm\gtx\simd_quat.inl">
      <Filter>Header Files</Filter>
    </None>
    <None Include="packages\glm.0.9.7.1\build\native\include\glm\gtx\simd_vec4.inl">
      <Filter>Header Files</Filter>
    </None>
    <None Include="packages\glm.0.9.7.1\build\native\include\glm\gtx\spline.inl">
      <Filter>Header Files</Filter>
    </None>
    <None Include="packages\glm.0.9.7.1\build\native\include\glm\gtx\std_based_type.inl">
      <Filter>Header Files</Filter>
    </None>
    <None Include="packages\glm.0.9.7.1\build\native\include\glm\gtx\string_cast.inl">
      <Filter>Header Files</Filter>
    </None>
    <None Include="packages\glm.0.9.7.1\build\native\include\glm\gtx\transform.inl">
      <Filter>Header Files</Filter>
    </None>
    <None Include="packages\glm.0.9.7.1\build\native\include\glm\gtx\transform2.inl">
      <Filter>Header Files</Filter>
    </None>
    <None Include="packages\glm.0.9.7.1\build\native\include\glm\gtx\type_aligned.inl">
      <Filter>Header Files</Filter>
    </None>
    <None Include="packages\glm.0.9.7.1\build\native\include\glm\gtx\vector_angle.inl">
      <Filter>Header Files</Filter>
    </None>
    <None Include="packages\glm.0.9.7.1\build\native\include\glm\gtx\vector_query.inl">
      <Filter>Header Files</Filter>
    </None>
    <None Include="packages\glm.0.9.7.1\build\native\include\glm\gtx\wrap.inl">
      <Filter>Header Files</Filter>
    </None>
    <None Include="packages\glm.0.9.7.1\build\native\docs\api\a00001.html" />
    <None Include="packages\glm.0.9.7.1\build\native\docs\api\a00001_source.html" />
    <None Include="packages\glm.0.9.7.1\build\native\docs\api\a00002.html" />
    <None Include="packages\glm.0.9.7.1\build\native\docs\api\a00002_source.html" />
    <None Include="packages\glm.0.9.7.1\build\native\docs\api\a00003.html" />
    <None Include="packages\glm.0.9.7.1\build\native\docs\api\a00003_source.html" />
    <None Include="packages\glm.0.9.7.1\build\native\docs\api\a00004.html" />
    <None Include="packages\glm.0.9.7.1\build\native\docs\api\a00004_source.html" />
    <None Include="packages\glm.0.9.7.1\build\native\docs\api\a00005.html" />
    <None Include="packages\glm.0.9.7.1\build\native\docs\api\a00005_source.html" />
    <None Include="packages\glm.0.9.7.1\build\native\docs\api\a00006.html" />
    <None Include="packages\glm.0.9.7.1\build\native\docs\api\a00006_source.html" />
    <None Include="packages\glm.0.9.7.1\build\native\docs\api\a00007.html" />
    <None Include="packages\glm.0.9.7.1\build\native\docs\api\a00007_source.html" />
    <None Include="packages\glm.0.9.7.1\build\native\docs\api\a00008.html" />
    <None Include="packages\glm.0.9.7.1\build\native\docs\api\a00008_source.html" />
    <None Include="packages\glm.0.9.7.1\build\native\docs\api\a00009.html" />
    <None Include="packages\glm.0.9.7.1\build\native\docs\api\a00009_source.html" />
    <None Include="packages\glm.0.9.7.1\build\native\docs\api\a00010.html" />
    <None Include="packages\glm.0.9.7.1\build\native\docs\api\a00010_source.html" />
    <None Include="packages\glm.0.9.7.1\build\native\docs\api\a00011.html" />
    <None Include="packages\glm.0.9.7.1\build\native\docs\api\a00011_source.html" />
    <None Include="packages\glm.0.9.7.1\build\native\docs\api\a00012.html" />
    <None Include="packages\glm.0.9.7.1\build\native\docs\api\a00012_source.html" />
    <None Include="packages\glm.0.9.7.1\build\native\docs\api\a00013.html" />
    <None Include="packages\glm.0.9.7.1\build\native\docs\api\a00013_source.html" />
    <None Include="packages\glm.0.9.7.1\build\native\docs\api\a00014.html" />
    <None Include="packages\glm.0.9.7.1\build\native\docs\api\a00014_source.html" />
    <None Include="packages\glm.0.9.7.1\build\native\docs\api\a00015.html" />
    <None Include="packages\glm.0.9.7.1\build\native\docs\api\a00015_source.html" />
    <None Include="packages\glm.0.9.7.1\build\native\docs\api\a00016.html" />
    <None Include="packages\glm.0.9.7.1\build\native\docs\api\a00016_source.html" />
    <None Include="packages\glm.0.9.7.1\build\native\docs\api\a00017.html" />
    <None Include="packages\glm.0.9.7.1\build\native\docs\api\a00017_source.html" />
    <None Include="packages\glm.0.9.7.1\build\native\docs\api\a00018.html" />
    <None Include="packages\glm.0.9.7.1\build\native\docs\api\a00018_source.html" />
    <None Include="packages\glm.0.9.7.1\build\native\docs\api\a00019.html" />
    <None Include="packages\glm.0.9.7.1\build\native\docs\api\a00019_source.html" />
    <None Include="packages\glm.0.9.7.1\build\native\docs\api\a00020.html" />
    <None Include="packages\glm.0.9.7.1\build\native\docs\api\a00020_source.html" />
    <None Include="packages\glm.0.9.7.1\build\native\docs\api\a00021.html" />
    <None Include="packages\glm.0.9.7.1\build\native\docs\api\a00021_source.html" />
    <None Include="packages\glm.0.9.7.1\build\native\docs\api\a00022.html" />
    <None Include="packages\glm.0.9.7.1\build\native\docs\api\a00022_source.html" />
    <None Include="packages\glm.0.9.7.1\build\native\docs\api\a00023_source.html" />
    <None Include="packages\glm.0.9.7.1\build\native\docs\api\a00024.html" />
    <None Include="packages\glm.0.9.7.1\build\native\docs\api\a00024_source.html" />
    <None Include="packages\glm.0.9.7.1\build\native\docs\api\a00025.html" />
    <None Include="packages\glm.0.9.7.1\build\native\docs\api\a00025_source.html" />
    <None Include="packages\glm.0.9.7.1\build\native\docs\api\a00026.html" />
    <None Include="packages\glm.0.9.7.1\build\native\docs\api\a00026_source.html" />
    <None Include="packages\glm.0.9.7.1\build\native\docs\api\a00027.html" />
    <None Include="packages\glm.0.9.7.1\build\native\docs\api\a00027_source.html" />
    <None Include="packages\glm.0.9.7.1\build\native\docs\api\a00028.html" />
    <None Include="packages\glm.0.9.7.1\build\native\docs\api\a00028_source.html" />
    <None Include="packages\glm.0.9.7.1\build\native\docs\api\a00029.html" />
    <None Include="packages\glm.0.9.7.1\build\native\docs\api\a00029_source.html" />
    <None Include="packages\glm.0.9.7.1\build\native\docs\api\a00030.html" />
    <None Include="packages\glm.0.9.7.1\build\native\docs\api\a00030_source.html" />
    <None Include="packages\glm.0.9.7.1\build\native\docs\api\a00031.html" />
    <None Include="packages\glm.0.9.7.1\build\native\docs\api\a00031_source.html" />
    <None Include="packages\glm.0.9.7.1\build\native\docs\api\a00032.html" />
    <None Include="packages\glm.0.9.7.1\build\native\docs\api\a00032_source.html" />
    <None Include="packages\glm.0.9.7.1\build\native\docs\api\a00033.html" />
    <None Include="packages\glm.0.9.7.1\build\native\docs\api\a00033_source.html" />
    <None Include="packages\glm.0.9.7.1\build\native\docs\api\a00034.html" />
    <None Include="packages\glm.0.9.7.1\build\native\docs\api\a00034_source.html" />
    <None Include="packages\glm.0.9.7.1\build\native\docs\api\a00035.html" />
    <None Include="packages\glm.0.9.7.1\build\native\docs\api\a00035_source.html" />
    <None Include="packages\glm.0.9.7.1\build\native\docs\api\a00036.html" />
    <None Include="packages\glm.0.9.7.1\build\native\docs\api\a00036_source.html" />
    <None Include="packages\glm.0.9.7.1\build\native\docs\api\a00037.html" />
    <None Include="packages\glm.0.9.7.1\build\native\docs\api\a00037_source.html" />
    <None Include="packages\glm.0.9.7.1\build\native\docs\api\a00038.html" />
    <None Include="packages\glm.0.9.7.1\build\native\docs\api\a00038_source.html" />
    <None Include="packages\glm.0.9.7.1\build\native\docs\api\a00039.html" />
    <None Include="packages\glm.0.9.7.1\build\native\docs\api\a00039_source.html" />
    <None Include="packages\glm.0.9.7.1\build\native\docs\api\a00040.html" />
    <None Include="packages\glm.0.9.7.1\build\native\docs\api\a00040_source.html" />
    <None Include="packages\glm.0.9.7.1\build\native\docs\api\a00041.html" />
    <None Include="packages\glm.0.9.7.1\build\native\docs\api\a00041_source.html" />
    <None Include="packages\glm.0.9.7.1\build\native\docs\api\a00042.html" />
    <None Include="packages\glm.0.9.7.1\build\native\docs\api\a00042_source.html" />
    <None Include="packages\glm.0.9.7.1\build\native\docs\api\a00043.html" />
    <None Include="packages\glm.0.9.7.1\build\native\docs\api\a00043_source.html" />
    <None Include="packages\glm.0.9.7.1\build\native\docs\api\a00044.html" />
    <None Include="packages\glm.0.9.7.1\build\native\docs\api\a00044_source.html" />
    <None Include="packages\glm.0.9.7.1\build\native\docs\api\a00045.html" />
    <None Include="packages\glm.0.9.7.1\build\native\docs\api\a00045_source.html" />
    <None Include="packages\glm.0.9.7.1\build\native\docs\api\a00046.html" />
    <None Include="packages\glm.0.9.7.1\build\native\docs\api\a00046_source.html" />
    <None Include="packages\glm.0.9.7.1\build\native\docs\api\a00047.html" />
    <None Include="packages\glm.0.9.7.1\build\native\docs\api\a00047_source.html" />
    <None Include="packages\glm.0.9.7.1\build\native\docs\api\a00048.html" />
    <None Include="packages\glm.0.9.7.1\build\native\docs\api\a00048_source.html" />
    <None Include="packages\glm.0.9.7.1\build\native\docs\api\a00049.html" />
    <None Include="packages\glm.0.9.7.1\build\native\docs\api\a00049_source.html" />
    <None Include="packages\glm.0.9.7.1\build\native\docs\api\a00050.html" />
    <None Include="packages\glm.0.9.7.1\build\native\docs\api\a00050_source.html" />
    <None Include="packages\glm.0.9.7.1\build\native\docs\api\a00051.html" />
    <None Include="packages\glm.0.9.7.1\build\native\docs\api\a00051_source.html" />
    <None Include="packages\glm.0.9.7.1\build\native\docs\api\a00052_source.html" />
    <None Include="packages\glm.0.9.7.1\build\native\docs\api\a00053.html" />
    <None Include="packages\glm.0.9.7.1\build\native\docs\api\a00053_source.html" />
    <None Include="packages\glm.0.9.7.1\build\native\docs\api\a00054.html" />
    <None Include="packages\glm.0.9.7.1\build\native\docs\api\a00054_source.html" />
    <None Include="packages\glm.0.9.7.1\build\native\docs\api\a00055.html" />
    <None Include="packages\glm.0.9.7.1\build\native\docs\api\a00055_source.html" />
    <None Include="packages\glm.0.9.7.1\build\native\docs\api\a00056.html" />
    <None Include="packages\glm.0.9.7.1\build\native\docs\api\a00056_source.html" />
    <None Include="packages\glm.0.9.7.1\build\native\docs\api\a00057_source.html" />
    <None Include="packages\glm.0.9.7.1\build\native\docs\api\a00058.html" />
    <None Include="packages\glm.0.9.7.1\build\native\docs\api\a00058_source.html" />
    <None Include="packages\glm.0.9.7.1\build\native\docs\api\a00059.html" />
    <None Include="packages\glm.0.9.7.1\build\native\docs\api\a00059_source.html" />
    <None Include="packages\glm.0.9.7.1\build\native\docs\api\a00060.html" />
    <None Include="packages\glm.0.9.7.1\build\native\docs\api\a00060_source.html" />
    <None Include="packages\glm.0.9.7.1\build\native\docs\api\a00061.html" />
    <None Include="packages\glm.0.9.7.1\build\native\docs\api\a00061_source.html" />
    <None Include="packages\glm.0.9.7.1\build\native\docs\api\a00062.html" />
    <None Include="packages\glm.0.9.7.1\build\native\docs\api\a00062_source.html" />
    <None Include="packages\glm.0.9.7.1\build\native\docs\api\a00063.html" />
    <None Include="packages\glm.0.9.7.1\build\native\docs\api\a00063_source.html" />
    <None Include="packages\glm.0.9.7.1\build\native\docs\api\a00064.html" />
    <None Include="packages\glm.0.9.7.1\build\native\docs\api\a00064_source.html" />
    <None Include="packages\glm.0.9.7.1\build\native\docs\api\a00065_source.html" />
    <None Include="packages\glm.0.9.7.1\build\native\docs\api\a00066.html" />
    <None Include="packages\glm.0.9.7.1\build\native\docs\api\a00066_source.html" />
    <None Include="packages\glm.0.9.7.1\build\native\docs\api\a00067.html" />
    <None Include="packages\glm.0.9.7.1\build\native\docs\api\a00067_source.html" />
    <None Include="packages\glm.0.9.7.1\build\native\docs\api\a00068.html" />
    <None Include="packages\glm.0.9.7.1\build\native\docs\api\a00068_source.html" />
    <None Include="packages\glm.0.9.7.1\build\native\docs\api\a00069.html" />
    <None Include="packages\glm.0.9.7.1\build\native\docs\api\a00069_source.html" />
    <None Include="packages\glm.0.9.7.1\build\native\docs\api\a00070.html" />
    <None Include="packages\glm.0.9.7.1\build\native\docs\api\a00070_source.html" />
    <None Include="packages\glm.0.9.7.1\build\native\docs\api\a00071.html" />
    <None Include="packages\glm.0.9.7.1\build\native\docs\api\a00071_source.html" />
    <None Include="packages\glm.0.9.7.1\build\native\docs\api\a00072.html" />
    <None Include="packages\glm.0.9.7.1\build\native\docs\api\a00072_source.html" />
    <None Include="packages\glm.0.9.7.1\build\native\docs\api\a00073.html" />
    <None Include="packages\glm.0.9.7.1\build\native\docs\api\a00073_source.html" />
    <None Include="packages\glm.0.9.7.1\build\native\docs\api\a00074.html" />
    <None Include="packages\glm.0.9.7.1\build\native\docs\api\a00074_source.html" />
    <None Include="packages\glm.0.9.7.1\build\native\docs\api\a00075.html" />
    <None Include="packages\glm.0.9.7.1\build\native\docs\api\a00075_source.html" />
    <None Include="packages\glm.0.9.7.1\build\native\docs\api\a00076.html" />
    <None Include="packages\glm.0.9.7.1\build\native\docs\api\a00076_source.html" />
    <None Include="packages\glm.0.9.7.1\build\native\docs\api\a00077.html" />
    <None Include="packages\glm.0.9.7.1\build\native\docs\api\a00077_source.html" />
    <None Include="packages\glm.0.9.7.1\build\native\docs\api\a00078.html" />
    <None Include="packages\glm.0.9.7.1\build\native\docs\api\a00078_source.html" />
    <None Include="packages\glm.0.9.7.1\build\native\docs\api\a00079.html" />
    <None Include="packages\glm.0.9.7.1\build\native\docs\api\a00079_source.html" />
    <None Include="packages\glm.0.9.7.1\build\native\docs\api\a00080.html" />
    <None Include="packages\glm.0.9.7.1\build\native\docs\api\a00080_source.html" />
    <None Include="packages\glm.0.9.7.1\build\native\docs\api\a00081.html" />
    <None Include="packages\glm.0.9.7.1\build\native\docs\api\a00081_source.html" />
    <None Include="packages\glm.0.9.7.1\build\native\docs\api\a00082.html" />
    <None Include="packages\glm.0.9.7.1\build\native\docs\api\a00082_source.html" />
    <None Include="packages\glm.0.9.7.1\build\native\docs\api\a00083.html" />
    <None Include="packages\glm.0.9.7.1\build\native\docs\api\a00083_source.html" />
    <None Include="packages\glm.0.9.7.1\build\native\docs\api\a00084.html" />
    <None Include="packages\glm.0.9.7.1\build\native\docs\api\a00084_source.html" />
    <None Include="packages\glm.0.9.7.1\build\native\docs\api\a00085.html" />
    <None Include="packages\glm.0.9.7.1\build\native\docs\api\a00085_source.html" />
    <None Include="packages\glm.0.9.7.1\build\native\docs\api\a00086.html" />
    <None Include="packages\glm.0.9.7.1\build\native\docs\api\a00086_source.html" />
    <None Include="packages\glm.0.9.7.1\build\native\docs\api\a00087.html" />
    <None Include="packages\glm.0.9.7.1\build\native\docs\api\a00087_source.html" />
    <None Include="packages\glm.0.9.7.1\build\native\docs\api\a00088.html" />
    <None Include="packages\glm.0.9.7.1\build\native\docs\api\a00088_source.html" />
    <None Include="packages\glm.0.9.7.1\build\native\docs\api\a00089_source.html" />
    <None Include="packages\glm.0.9.7.1\build\native\docs\api\a00090.html" />
    <None Include="packages\glm.0.9.7.1\build\native\docs\api\a00090_source.html" />
    <None Include="packages\glm.0.9.7.1\build\native\docs\api\a00091.html" />
    <None Include="packages\glm.0.9.7.1\build\native\docs\api\a00091_source.html" />
    <None Include="packages\glm.0.9.7.1\build\native\docs\api\a00092.html" />
    <None Include="packages\glm.0.9.7.1\build\native\docs\api\a00092_source.html" />
    <None Include="packages\glm.0.9.7.1\build\native\docs\api\a00093.html" />
    <None Include="packages\glm.0.9.7.1\build\native\docs\api\a00093_source.html" />
    <None Include="packages\glm.0.9.7.1\build\native\docs\api\a00094.html" />
    <None Include="packages\glm.0.9.7.1\build\native\docs\api\a00094_source.html" />
    <None Include="packages\glm.0.9.7.1\build\native\docs\api\a00095.html" />
    <None Include="packages\glm.0.9.7.1\build\native\docs\api\a00095_source.html" />
    <None Include="packages\glm.0.9.7.1\build\native\docs\api\a00096.html" />
    <None Include="packages\glm.0.9.7.1\build\native\docs\api\a00096_source.html" />
    <None Include="packages\glm.0.9.7.1\build\native\docs\api\a00097.html" />
    <None Include="packages\glm.0.9.7.1\build\native\docs\api\a00097_source.html" />
    <None Include="packages\glm.0.9.7.1\build\native\docs\api\a00098.html" />
    <None Include="packages\glm.0.9.7.1\build\native\docs\api\a00098_source.html" />
    <None Include="packages\glm.0.9.7.1\build\native\docs\api\a00099.html" />
    <None Include="packages\glm.0.9.7.1\build\native\docs\api\a00099_source.html" />
    <None Include="packages\glm.0.9.7.1\build\native\docs\api\a00100.html" />
    <None Include="packages\glm.0.9.7.1\build\native\docs\api\a00100_source.html" />
    <None Include="packages\glm.0.9.7.1\build\native\docs\api\a00101.html" />
    <None Include="packages\glm.0.9.7.1\build\native\docs\api\a00101_source.html" />
    <None Include="packages\glm.0.9.7.1\build\native\docs\api\a00102.html" />
    <None Include="packages\glm.0.9.7.1\build\native\docs\api\a00102_source.html" />
    <None Include="packages\glm.0.9.7.1\build\native\docs\api\a00103.html" />
    <None Include="packages\glm.0.9.7.1\build\native\docs\api\a00103_source.html" />
    <None Include="packages\glm.0.9.7.1\build\native\docs\api\a00104.html" />
    <None Include="packages\glm.0.9.7.1\build\native\docs\api\a00104_source.html" />
    <None Include="packages\glm.0.9.7.1\build\native\docs\api\a00105.html" />
    <None Include="packages\glm.0.9.7.1\build\native\docs\api\a00105_source.html" />
    <None Include="packages\glm.0.9.7.1\build\native\docs\api\a00106.html" />
    <None Include="packages\glm.0.9.7.1\build\native\docs\api\a00106_source.html" />
    <None Include="packages\glm.0.9.7.1\build\native\docs\api\a00107.html" />
    <None Include="packages\glm.0.9.7.1\build\native\docs\api\a00107_source.html" />
    <None Include="packages\glm.0.9.7.1\build\native\docs\api\a00108.html" />
    <None Include="packages\glm.0.9.7.1\build\native\docs\api\a00108_source.html" />
    <None Include="packages\glm.0.9.7.1\build\native\docs\api\a00109.html" />
    <None Include="packages\glm.0.9.7.1\build\native\docs\api\a00109_source.html" />
    <None Include="packages\glm.0.9.7.1\build\native\docs\api\a00110.html" />
    <None Include="packages\glm.0.9.7.1\build\native\docs\api\a00110_source.html" />
    <None Include="packages\glm.0.9.7.1\build\native\docs\api\a00111.html" />
    <None Include="packages\glm.0.9.7.1\build\native\docs\api\a00111_source.html" />
    <None Include="packages\glm.0.9.7.1\build\native\docs\api\a00112.html" />
    <None Include="packages\glm.0.9.7.1\build\native\docs\api\a00112_source.html" />
    <None Include="packages\glm.0.9.7.1\build\native\docs\api\a00113.html" />
    <None Include="packages\glm.0.9.7.1\build\native\docs\api\a00113_source.html" />
    <None Include="packages\glm.0.9.7.1\build\native\docs\api\a00114.html" />
    <None Include="packages\glm.0.9.7.1\build\native\docs\api\a00114_source.html" />
    <None Include="packages\glm.0.9.7.1\build\native\docs\api\a00115.html" />
    <None Include="packages\glm.0.9.7.1\build\native\docs\api\a00115_source.html" />
    <None Include="packages\glm.0.9.7.1\build\native\docs\api\a00116.html" />
    <None Include="packages\glm.0.9.7.1\build\native\docs\api\a00116_source.html" />
    <None Include="packages\glm.0.9.7.1\build\native\docs\api\a00117.html" />
    <None Include="packages\glm.0.9.7.1\build\native\docs\api\a00117_source.html" />
    <None Include="packages\glm.0.9.7.1\build\native\docs\api\a00118.html" />
    <None Include="packages\glm.0.9.7.1\build\native\docs\api\a00118_source.html" />
    <None Include="packages\glm.0.9.7.1\build\native\docs\api\a00119.html" />
    <None Include="packages\glm.0.9.7.1\build\native\docs\api\a00119_source.html" />
    <None Include="packages\glm.0.9.7.1\build\native\docs\api\a00120.html" />
    <None Include="packages\glm.0.9.7.1\build\native\docs\api\a00120_source.html" />
    <None Include="packages\glm.0.9.7.1\build\native\docs\api\a00121.html" />
    <None Include="packages\glm.0.9.7.1\build\native\docs\api\a00121_source.html" />
    <None Include="packages\glm.0.9.7.1\build\native\docs\api\a00122.html" />
    <None Include="packages\glm.0.9.7.1\build\native\docs\api\a00122_source.html" />
    <None Include="packages\glm.0.9.7.1\build\native\docs\api\a00123.html" />
    <None Include="packages\glm.0.9.7.1\build\native\docs\api\a00123_source.html" />
    <None Include="packages\glm.0.9.7.1\build\native\docs\api\a00124.html" />
    <None Include="packages\glm.0.9.7.1\build\native\docs\api\a00124_source.html" />
    <None Include="packages\glm.0.9.7.1\build\native\docs\api\a00125.html" />
    <None Include="packages\glm.0.9.7.1\build\native\docs\api\a00125_source.html" />
    <None Include="packages\glm.0.9.7.1\build\native\docs\api\a00126.html" />
    <None Include="packages\glm.0.9.7.1\build\native\docs\api\a00126_source.html" />
    <None Include="packages\glm.0.9.7.1\build\native\docs\api\a00127.html" />
    <None Include="packages\glm.0.9.7.1\build\native\docs\api\a00127_source.html" />
    <None Include="packages\glm.0.9.7.1\build\native\docs\api\a00128.html" />
    <None Include="packages\glm.0.9.7.1\build\native\docs\api\a00128_source.html" />
    <None Include="packages\glm.0.9.7.1\build\native\docs\api\a00129.html" />
    <None Include="packages\glm.0.9.7.1\build\native\docs\api\a00129_source.html" />
    <None Include="packages\glm.0.9.7.1\build\native\docs\api\a00130.html" />
    <None Include="packages\glm.0.9.7.1\build\native\docs\api\a00130_source.html" />
    <None Include="packages\glm.0.9.7.1\build\native\docs\api\a00131.html" />
    <None Include="packages\glm.0.9.7.1\build\native\docs\api\a00131_source.html" />
    <None Include="packages\glm.0.9.7.1\build\native\docs\api\a00132.html" />
    <None Include="packages\glm.0.9.7.1\build\native\docs\api\a00132_source.html" />
    <None Include="packages\glm.0.9.7.1\build\native\docs\api\a00133.html" />
    <None Include="packages\glm.0.9.7.1\build\native\docs\api\a00133_source.html" />
    <None Include="packages\glm.0.9.7.1\build\native\docs\api\a00134.html" />
    <None Include="packages\glm.0.9.7.1\build\native\docs\api\a00134_source.html" />
    <None Include="packages\glm.0.9.7.1\build\native\docs\api\a00135.html" />
    <None Include="packages\glm.0.9.7.1\build\native\docs\api\a00135_source.html" />
    <None Include="packages\glm.0.9.7.1\build\native\docs\api\a00136.html" />
    <None Include="packages\glm.0.9.7.1\build\native\docs\api\a00136_source.html" />
    <None Include="packages\glm.0.9.7.1\build\native\docs\api\a00137.html" />
    <None Include="packages\glm.0.9.7.1\build\native\docs\api\a00137_source.html" />
    <None Include="packages\glm.0.9.7.1\build\native\docs\api\a00138.html" />
    <None Include="packages\glm.0.9.7.1\build\native\docs\api\a00138_source.html" />
    <None Include="packages\glm.0.9.7.1\build\native\docs\api\a00139.html" />
    <None Include="packages\glm.0.9.7.1\build\native\docs\api\a00139_source.html" />
    <None Include="packages\glm.0.9.7.1\build\native\docs\api\a00140.html" />
    <None Include="packages\glm.0.9.7.1\build\native\docs\api\a00140_source.html" />
    <None Include="packages\glm.0.9.7.1\build\native\docs\api\a00141.html" />
    <None Include="packages\glm.0.9.7.1\build\native\docs\api\a00141_source.html" />
    <None Include="packages\glm.0.9.7.1\build\native\docs\api\a00142.html" />
    <None Include="packages\glm.0.9.7.1\build\native\docs\api\a00142_source.html" />
    <None Include="packages\glm.0.9.7.1\build\native\docs\api\a00143.html" />
    <None Include="packages\glm.0.9.7.1\build\native\docs\api\a00143_source.html" />
    <None Include="packages\glm.0.9.7.1\build\native\docs\api\a00144.html" />
    <None Include="packages\glm.0.9.7.1\build\native\docs\api\a00144_source.html" />
    <None Include="packages\glm.0.9.7.1\build\native\docs\api\a00145.html" />
    <None Include="packages\glm.0.9.7.1\build\native\docs\api\a00145_source.html" />
    <None Include="packages\glm.0.9.7.1\build\native\docs\api\a00151.html" />
    <None Include="packages\glm.0.9.7.1\build\native\docs\api\a00152.html" />
    <None Include="packages\glm.0.9.7.1\build\native\docs\api\a00153.html" />
    <None Include="packages\glm.0.9.7.1\build\native\docs\api\a00154.html" />
    <None Include="packages\glm.0.9.7.1\build\native\docs\api\a00155.html" />
    <None Include="packages\glm.0.9.7.1\build\native\docs\api\a00156.html" />
    <None Include="packages\glm.0.9.7.1\build\native\docs\api\a00157.html" />
    <None Include="packages\glm.0.9.7.1\build\native\docs\api\a00158.html" />
    <None Include="packages\glm.0.9.7.1\build\native\docs\api\a00159.html" />
    <None Include="packages\glm.0.9.7.1\build\native\docs\api\a00160.html" />
    <None Include="packages\glm.0.9.7.1\build\native\docs\api\a00161.html" />
    <None Include="packages\glm.0.9.7.1\build\native\docs\api\a00162.html" />
    <None Include="packages\glm.0.9.7.1\build\native\docs\api\a00163.html" />
    <None Include="packages\glm.0.9.7.1\build\native\docs\api\a00164.html" />
    <None Include="packages\glm.0.9.7.1\build\native\docs\api\a00165.html" />
    <None Include="packages\glm.0.9.7.1\build\native\docs\api\a00166.html" />
    <None Include="packages\glm.0.9.7.1\build\native\docs\api\a00167.html" />
    <None Include="packages\glm.0.9.7.1\build\native\docs\api\a00168.html" />
    <None Include="packages\glm.0.9.7.1\build\native\docs\api\a00169.html" />
    <None Include="packages\glm.0.9.7.1\build\native\docs\api\a00170.html" />
    <None Include="packages\glm.0.9.7.1\build\native\docs\api\a00171.html" />
    <None Include="packages\glm.0.9.7.1\build\native\docs\api\a00172.html" />
    <None Include="packages\glm.0.9.7.1\build\native\docs\api\a00173.html" />
    <None Include="packages\glm.0.9.7.1\build\native\docs\api\a00174.html" />
    <None Include="packages\glm.0.9.7.1\build\native\docs\api\a00175.html" />
    <None Include="packages\glm.0.9.7.1\build\native\docs\api\a00176.html" />
    <None Include="packages\glm.0.9.7.1\build\native\docs\api\a00177.html" />
    <None Include="packages\glm.0.9.7.1\build\native\docs\api\a00178.html" />
    <None Include="packages\glm.0.9.7.1\build\native\docs\api\a00179.html" />
    <None Include="packages\glm.0.9.7.1\build\native\docs\api\a00180.html" />
    <None Include="packages\glm.0.9.7.1\build\native\docs\api\a00181.html" />
    <None Include="packages\glm.0.9.7.1\build\native\docs\api\a00182.html" />
    <None Include="packages\glm.0.9.7.1\build\native\docs\api\a00183.html" />
    <None Include="packages\glm.0.9.7.1\build\native\docs\api\a00184.html" />
    <None Include="packages\glm.0.9.7.1\build\native\docs\api\a00185.html" />
    <None Include="packages\glm.0.9.7.1\build\native\docs\api\a00186.html" />
    <None Include="packages\glm.0.9.7.1\build\native\docs\api\a00187.html" />
    <None Include="packages\glm.0.9.7.1\build\native\docs\api\a00188.html" />
    <None Include="packages\glm.0.9.7.1\build\native\docs\api\a00189.html" />
    <None Include="packages\glm.0.9.7.1\build\native\docs\api\a00190.html" />
    <None Include="packages\glm.0.9.7.1\build\native\docs\api\a00191.html" />
    <None Include="packages\glm.0.9.7.1\build\native\docs\api\a00192.html" />
    <None Include="packages\glm.0.9.7.1\build\native\docs\api\a00193.html" />
    <None Include="packages\glm.0.9.7.1\build\native\docs\api\a00194.html" />
    <None Include="packages\glm.0.9.7.1\build\native\docs\api\a00195.html" />
    <None Include="packages\glm.0.9.7.1\build\native\docs\api\a00196.html" />
    <None Include="packages\glm.0.9.7.1\build\native\docs\api\a00197.html" />
    <None Include="packages\glm.0.9.7.1\build\native\docs\api\a00198.html" />
    <None Include="packages\glm.0.9.7.1\build\native\docs\api\a00199.html" />
    <None Include="packages\glm.0.9.7.1\build\native\docs\api\a00200.html" />
    <None Include="packages\glm.0.9.7.1\build\native\docs\api\a00201.html" />
    <None Include="packages\glm.0.9.7.1\build\native\docs\api\a00202.html" />
    <None Include="packages\glm.0.9.7.1\build\native\docs\api\a00203.html" />
    <None Include="packages\glm.0.9.7.1\build\native\docs\api\a00204.html" />
    <None Include="packages\glm.0.9.7.1\build\native\docs\api\a00205.html" />
    <None Include="packages\glm.0.9.7.1\build\native\docs\api\a00206.html" />
    <None Include="packages\glm.0.9.7.1\build\native\docs\api\a00207.html" />
    <None Include="packages\glm.0.9.7.1\build\native\docs\api\a00208.html" />
    <None Include="packages\glm.0.9.7.1\build\native\docs\api\a00209.html" />
    <None Include="packages\glm.0.9.7.1\build\native\docs\api\a00210.html" />
    <None Include="packages\glm.0.9.7.1\build\native\docs\api\a00211.html" />
    <None Include="packages\glm.0.9.7.1\build\native\docs\api\a00212.html" />
    <None Include="packages\glm.0.9.7.1\build\native\docs\api\a00213.html" />
    <None Include="packages\glm.0.9.7.1\build\native\docs\api\a00214.html" />
    <None Include="packages\glm.0.9.7.1\build\native\docs\api\a00215.html" />
    <None Include="packages\glm.0.9.7.1\build\native\docs\api\a00216.html" />
    <None Include="packages\glm.0.9.7.1\build\native\docs\api\a00217.html" />
    <None Include="packages\glm.0.9.7.1\build\native\docs\api\a00218.html" />
    <None Include="packages\glm.0.9.7.1\build\native\docs\api\a00219.html" />
    <None Include="packages\glm.0.9.7.1\build\native\docs\api\a00220.html" />
    <None Include="packages\glm.0.9.7.1\build\native\docs\api\a00221.html" />
    <None Include="packages\glm.0.9.7.1\build\native\docs\api\a00222.html" />
    <None Include="packages\glm.0.9.7.1\build\native\docs\api\a00223.html" />
    <None Include="packages\glm.0.9.7.1\build\native\docs\api\a00224.html" />
    <None Include="packages\glm.0.9.7.1\build\native\docs\api\a00225.html" />
    <None Include="packages\glm.0.9.7.1\build\native\docs\api\a00226.html" />
    <None Include="packages\glm.0.9.7.1\build\native\docs\api\a00227.html" />
    <None Include="packages\glm.0.9.7.1\build\native\docs\api\a00228.html" />
    <None Include="packages\glm.0.9.7.1\build\native\docs\api\a00229.html" />
    <None Include="packages\glm.0.9.7.1\build\native\docs\api\a00230.html" />
    <None Include="packages\glm.0.9.7.1\build\native\docs\api\a00231.html" />
    <None Include="packages\glm.0.9.7.1\build\native\docs\api\a00232.html" />
    <None Include="packages\glm.0.9.7.1\build\native\docs\api\a00233.html" />
    <None Include="packages\glm.0.9.7.1\build\native\docs\api\a00234.html" />
    <None Include="packages\glm.0.9.7.1\build\native\docs\api\a00235.html" />
    <None Include="packages\glm.0.9.7.1\build\native\docs\api\a00236.html" />
    <None Include="packages\glm.0.9.7.1\build\native\docs\api\a00237.html" />
    <None Include="packages\glm.0.9.7.1\build\native\docs\api\a00238.html" />
    <None Include="packages\glm.0.9.7.1\build\native\docs\api\a00239.html" />
    <None Include="packages\glm.0.9.7.1\build\native\docs\api\a00240.html" />
    <None Include="packages\glm.0.9.7.1\build\native\docs\api\a00241.html" />
    <None Include="packages\glm.0.9.7.1\build\native\docs\api\dir_1f76e953200861345293ade84ac7fb6c.html" />
    <None Include="packages\glm.0.9.7.1\build\native\docs\api\dir_275089585c7fc1b5fd5d7d42c69cb1da.html" />
    <None Include="packages\glm.0.9.7.1\build\native\docs\api\dir_577c788b67d63fb3b3b5752bd495d0f2.html" />
    <None Include="packages\glm.0.9.7.1\build\native\docs\api\dir_5ce58d942b2d0776e17a9a58abc01e04.html" />
    <None Include="packages\glm.0.9.7.1\build\native\docs\api\dir_7b98f88bffbed4b390b5f8f520d9c08e.html" />
    <None Include="packages\glm.0.9.7.1\build\native\docs\api\dir_8d176b5b7dd0ae42ea6876078f2bde49.html" />
    <None Include="packages\glm.0.9.7.1\build\native\docs\api\dir_9440d7c11b99dcd7e5d369c7cf9802fe.html" />
    <None Include="packages\glm.0.9.7.1\build\native\docs\api\dir_e29b03b892e0e25920d021a614d4db9b.html" />
    <None Include="packages\glm.0.9.7.1\build\native\docs\api\dir_e529a619cfdec1fa4c331fb042fd332f.html" />
    <None Include="packages\glm.0.9.7.1\build\native\docs\api\files.html" />
    <None Include="packages\glm.0.9.7.1\build\native\docs\api\index.html" />
    <None Include="packages\glm.0.9.7.1\build\native\docs\api\modules.html" />
    <None Include="packages.config" />
    <None Include="phong.frag" />
    <None Include="phong.vert" />
  </ItemGroup>
  <ItemGroup>
    <Image Include="texture.jpg">
      <Filter>Resource Files</Filter>
    </Image>
  </ItemGroup>
</Project>